
Microsoft Visual Studio Solution File, Format Version 12.00
# Visual Studio 14
VisualStudioVersion = 14.0.25420.1
MinimumVisualStudioVersion = 10.0.40219.1
Project("{FAE04EC0-301F-11D3-BF4B-00C04F79EFBC}") = "ChatClient.Core.UI", "ChatClient\Core\ChatClient.Core.UI\ChatClient.Core.UI.csproj", "{B53FD99A-2EDF-4132-A76C-7141755F4E64}"
EndProject
Project("{FAE04EC0-301F-11D3-BF4B-00C04F79EFBC}") = "ChatClient.Droid", "ChatClient\ChatClient.Droid\ChatClient.Droid.csproj", "{84C6B19A-93AF-403D-A740-A1BCB55C0949}"
EndProject
Project("{FAE04EC0-301F-11D3-BF4B-00C04F79EFBC}") = "ChatClient.iOS", "ChatClient\ChatClient.iOS\ChatClient.iOS.csproj", "{11BBAA7E-6531-40D8-ABF0-848CA5FB8B99}"
EndProject
Project("{2150E333-8FDC-42A3-9474-1A3956D46DE8}") = "Core", "Core", "{FA9A2D9E-A3C1-4BC3-8A6F-EF3C2B47B4A5}"
EndProject
Project("{FAE04EC0-301F-11D3-BF4B-00C04F79EFBC}") = "ChatClient.Core.DAL", "ChatClient\Core\ChatClient.Core.DAL\ChatClient.Core.DAL.csproj", "{67F9D3A8-F71E-4428-913F-C37AE82CDB24}"
EndProject
Project("{FAE04EC0-301F-11D3-BF4B-00C04F79EFBC}") = "ChatClient.Core.Common", "ChatClient\Core\ChatClient.Core.Common\ChatClient.Core.Common.csproj", "{1AD61FCD-9406-4302-AD55-6382A186074C}"
EndProject
Project("{FAE04EC0-301F-11D3-BF4B-00C04F79EFBC}") = "ChatClient.Core.SAL", "ChatClient\Core\ChatClient.Core.SAL\ChatClient.Core.SAL.csproj", "{00C63015-DF81-4CCC-8A9C-DA5F68FCD394}"
EndProject
Project("{FAE04EC0-301F-11D3-BF4B-00C04F79EFBC}") = "ChatClient.Core.BL", "ChatClient\Core\ChatClient.Core.BL\ChatClient.Core.BL.csproj", "{892493ED-C84F-45E7-B6AA-1547D3F91FAE}"
EndProject
Project("{FAE04EC0-301F-11D3-BF4B-00C04F79EFBC}") = "ChatClient.UWP", "ChatClient.UWP\ChatClient.UWP.csproj", "{E27F4053-FB7B-4500-A3C1-732CCD6CAC6F}"
EndProject
Global
	GlobalSection(SolutionConfigurationPlatforms) = preSolution
		Ad-Hoc|Any CPU = Ad-Hoc|Any CPU
		Ad-Hoc|ARM = Ad-Hoc|ARM
		Ad-Hoc|iPhone = Ad-Hoc|iPhone
		Ad-Hoc|iPhoneSimulator = Ad-Hoc|iPhoneSimulator
		Ad-Hoc|x64 = Ad-Hoc|x64
		Ad-Hoc|x86 = Ad-Hoc|x86
		AppStore|Any CPU = AppStore|Any CPU
		AppStore|ARM = AppStore|ARM
		AppStore|iPhone = AppStore|iPhone
		AppStore|iPhoneSimulator = AppStore|iPhoneSimulator
		AppStore|x64 = AppStore|x64
		AppStore|x86 = AppStore|x86
		Debug|Any CPU = Debug|Any CPU
		Debug|ARM = Debug|ARM
		Debug|iPhone = Debug|iPhone
		Debug|iPhoneSimulator = Debug|iPhoneSimulator
		Debug|x64 = Debug|x64
		Debug|x86 = Debug|x86
		My Release (main)|Any CPU = My Release (main)|Any CPU
		My Release (main)|ARM = My Release (main)|ARM
		My Release (main)|iPhone = My Release (main)|iPhone
		My Release (main)|iPhoneSimulator = My Release (main)|iPhoneSimulator
		My Release (main)|x64 = My Release (main)|x64
		My Release (main)|x86 = My Release (main)|x86
		My_Release|Any CPU = My_Release|Any CPU
		My_Release|ARM = My_Release|ARM
		My_Release|iPhone = My_Release|iPhone
		My_Release|iPhoneSimulator = My_Release|iPhoneSimulator
		My_Release|x64 = My_Release|x64
		My_Release|x86 = My_Release|x86
		MyRelease|Any CPU = MyRelease|Any CPU
		MyRelease|ARM = MyRelease|ARM
		MyRelease|iPhone = MyRelease|iPhone
		MyRelease|iPhoneSimulator = MyRelease|iPhoneSimulator
		MyRelease|x64 = MyRelease|x64
		MyRelease|x86 = MyRelease|x86
		Release|Any CPU = Release|Any CPU
		Release|ARM = Release|ARM
		Release|iPhone = Release|iPhone
		Release|iPhoneSimulator = Release|iPhoneSimulator
		Release|x64 = Release|x64
		Release|x86 = Release|x86
	EndGlobalSection
	GlobalSection(ProjectConfigurationPlatforms) = postSolution
		{B53FD99A-2EDF-4132-A76C-7141755F4E64}.Ad-Hoc|Any CPU.ActiveCfg = Release|Any CPU
		{B53FD99A-2EDF-4132-A76C-7141755F4E64}.Ad-Hoc|Any CPU.Build.0 = Release|Any CPU
		{B53FD99A-2EDF-4132-A76C-7141755F4E64}.Ad-Hoc|ARM.ActiveCfg = Release|Any CPU
		{B53FD99A-2EDF-4132-A76C-7141755F4E64}.Ad-Hoc|ARM.Build.0 = Release|Any CPU
		{B53FD99A-2EDF-4132-A76C-7141755F4E64}.Ad-Hoc|iPhone.ActiveCfg = Release|Any CPU
		{B53FD99A-2EDF-4132-A76C-7141755F4E64}.Ad-Hoc|iPhone.Build.0 = Release|Any CPU
		{B53FD99A-2EDF-4132-A76C-7141755F4E64}.Ad-Hoc|iPhoneSimulator.ActiveCfg = Release|Any CPU
		{B53FD99A-2EDF-4132-A76C-7141755F4E64}.Ad-Hoc|iPhoneSimulator.Build.0 = Release|Any CPU
		{B53FD99A-2EDF-4132-A76C-7141755F4E64}.Ad-Hoc|x64.ActiveCfg = Release|Any CPU
		{B53FD99A-2EDF-4132-A76C-7141755F4E64}.Ad-Hoc|x64.Build.0 = Release|Any CPU
		{B53FD99A-2EDF-4132-A76C-7141755F4E64}.Ad-Hoc|x86.ActiveCfg = Release|Any CPU
		{B53FD99A-2EDF-4132-A76C-7141755F4E64}.Ad-Hoc|x86.Build.0 = Release|Any CPU
		{B53FD99A-2EDF-4132-A76C-7141755F4E64}.AppStore|Any CPU.ActiveCfg = Release|Any CPU
		{B53FD99A-2EDF-4132-A76C-7141755F4E64}.AppStore|Any CPU.Build.0 = Release|Any CPU
		{B53FD99A-2EDF-4132-A76C-7141755F4E64}.AppStore|ARM.ActiveCfg = Release|Any CPU
		{B53FD99A-2EDF-4132-A76C-7141755F4E64}.AppStore|ARM.Build.0 = Release|Any CPU
		{B53FD99A-2EDF-4132-A76C-7141755F4E64}.AppStore|iPhone.ActiveCfg = Release|Any CPU
		{B53FD99A-2EDF-4132-A76C-7141755F4E64}.AppStore|iPhone.Build.0 = Release|Any CPU
		{B53FD99A-2EDF-4132-A76C-7141755F4E64}.AppStore|iPhoneSimulator.ActiveCfg = Release|Any CPU
		{B53FD99A-2EDF-4132-A76C-7141755F4E64}.AppStore|iPhoneSimulator.Build.0 = Release|Any CPU
		{B53FD99A-2EDF-4132-A76C-7141755F4E64}.AppStore|x64.ActiveCfg = Release|Any CPU
		{B53FD99A-2EDF-4132-A76C-7141755F4E64}.AppStore|x64.Build.0 = Release|Any CPU
		{B53FD99A-2EDF-4132-A76C-7141755F4E64}.AppStore|x86.ActiveCfg = Release|Any CPU
		{B53FD99A-2EDF-4132-A76C-7141755F4E64}.AppStore|x86.Build.0 = Release|Any CPU
		{B53FD99A-2EDF-4132-A76C-7141755F4E64}.Debug|Any CPU.ActiveCfg = Debug|Any CPU
		{B53FD99A-2EDF-4132-A76C-7141755F4E64}.Debug|Any CPU.Build.0 = Debug|Any CPU
		{B53FD99A-2EDF-4132-A76C-7141755F4E64}.Debug|ARM.ActiveCfg = Debug|Any CPU
		{B53FD99A-2EDF-4132-A76C-7141755F4E64}.Debug|ARM.Build.0 = Debug|Any CPU
		{B53FD99A-2EDF-4132-A76C-7141755F4E64}.Debug|iPhone.ActiveCfg = Debug|Any CPU
		{B53FD99A-2EDF-4132-A76C-7141755F4E64}.Debug|iPhone.Build.0 = Debug|Any CPU
		{B53FD99A-2EDF-4132-A76C-7141755F4E64}.Debug|iPhoneSimulator.ActiveCfg = Debug|Any CPU
		{B53FD99A-2EDF-4132-A76C-7141755F4E64}.Debug|iPhoneSimulator.Build.0 = Debug|Any CPU
		{B53FD99A-2EDF-4132-A76C-7141755F4E64}.Debug|x64.ActiveCfg = Debug|Any CPU
		{B53FD99A-2EDF-4132-A76C-7141755F4E64}.Debug|x64.Build.0 = Debug|Any CPU
		{B53FD99A-2EDF-4132-A76C-7141755F4E64}.Debug|x86.ActiveCfg = Debug|Any CPU
		{B53FD99A-2EDF-4132-A76C-7141755F4E64}.Debug|x86.Build.0 = Debug|Any CPU
		{B53FD99A-2EDF-4132-A76C-7141755F4E64}.My Release (main)|Any CPU.ActiveCfg = Release|Any CPU
		{B53FD99A-2EDF-4132-A76C-7141755F4E64}.My Release (main)|Any CPU.Build.0 = Release|Any CPU
		{B53FD99A-2EDF-4132-A76C-7141755F4E64}.My Release (main)|ARM.ActiveCfg = Release|Any CPU
		{B53FD99A-2EDF-4132-A76C-7141755F4E64}.My Release (main)|ARM.Build.0 = Release|Any CPU
		{B53FD99A-2EDF-4132-A76C-7141755F4E64}.My Release (main)|iPhone.ActiveCfg = Release|Any CPU
		{B53FD99A-2EDF-4132-A76C-7141755F4E64}.My Release (main)|iPhone.Build.0 = Release|Any CPU
		{B53FD99A-2EDF-4132-A76C-7141755F4E64}.My Release (main)|iPhoneSimulator.ActiveCfg = Release|Any CPU
		{B53FD99A-2EDF-4132-A76C-7141755F4E64}.My Release (main)|iPhoneSimulator.Build.0 = Release|Any CPU
		{B53FD99A-2EDF-4132-A76C-7141755F4E64}.My Release (main)|x64.ActiveCfg = Release|Any CPU
		{B53FD99A-2EDF-4132-A76C-7141755F4E64}.My Release (main)|x64.Build.0 = Release|Any CPU
		{B53FD99A-2EDF-4132-A76C-7141755F4E64}.My Release (main)|x86.ActiveCfg = Release|Any CPU
		{B53FD99A-2EDF-4132-A76C-7141755F4E64}.My Release (main)|x86.Build.0 = Release|Any CPU
		{B53FD99A-2EDF-4132-A76C-7141755F4E64}.My_Release|Any CPU.ActiveCfg = Release|Any CPU
		{B53FD99A-2EDF-4132-A76C-7141755F4E64}.My_Release|Any CPU.Build.0 = Release|Any CPU
		{B53FD99A-2EDF-4132-A76C-7141755F4E64}.My_Release|ARM.ActiveCfg = Release|Any CPU
		{B53FD99A-2EDF-4132-A76C-7141755F4E64}.My_Release|ARM.Build.0 = Release|Any CPU
		{B53FD99A-2EDF-4132-A76C-7141755F4E64}.My_Release|iPhone.ActiveCfg = Release|Any CPU
		{B53FD99A-2EDF-4132-A76C-7141755F4E64}.My_Release|iPhone.Build.0 = Release|Any CPU
		{B53FD99A-2EDF-4132-A76C-7141755F4E64}.My_Release|iPhoneSimulator.ActiveCfg = Release|Any CPU
		{B53FD99A-2EDF-4132-A76C-7141755F4E64}.My_Release|iPhoneSimulator.Build.0 = Release|Any CPU
		{B53FD99A-2EDF-4132-A76C-7141755F4E64}.My_Release|x64.ActiveCfg = Release|Any CPU
		{B53FD99A-2EDF-4132-A76C-7141755F4E64}.My_Release|x64.Build.0 = Release|Any CPU
		{B53FD99A-2EDF-4132-A76C-7141755F4E64}.My_Release|x86.ActiveCfg = Release|Any CPU
		{B53FD99A-2EDF-4132-A76C-7141755F4E64}.My_Release|x86.Build.0 = Release|Any CPU
		{B53FD99A-2EDF-4132-A76C-7141755F4E64}.MyRelease|Any CPU.ActiveCfg = Release|Any CPU
		{B53FD99A-2EDF-4132-A76C-7141755F4E64}.MyRelease|Any CPU.Build.0 = Release|Any CPU
		{B53FD99A-2EDF-4132-A76C-7141755F4E64}.MyRelease|ARM.ActiveCfg = Release|Any CPU
		{B53FD99A-2EDF-4132-A76C-7141755F4E64}.MyRelease|ARM.Build.0 = Release|Any CPU
		{B53FD99A-2EDF-4132-A76C-7141755F4E64}.MyRelease|iPhone.ActiveCfg = Release|Any CPU
		{B53FD99A-2EDF-4132-A76C-7141755F4E64}.MyRelease|iPhone.Build.0 = Release|Any CPU
		{B53FD99A-2EDF-4132-A76C-7141755F4E64}.MyRelease|iPhoneSimulator.ActiveCfg = Release|Any CPU
		{B53FD99A-2EDF-4132-A76C-7141755F4E64}.MyRelease|iPhoneSimulator.Build.0 = Release|Any CPU
		{B53FD99A-2EDF-4132-A76C-7141755F4E64}.MyRelease|x64.ActiveCfg = Release|Any CPU
		{B53FD99A-2EDF-4132-A76C-7141755F4E64}.MyRelease|x64.Build.0 = Release|Any CPU
		{B53FD99A-2EDF-4132-A76C-7141755F4E64}.MyRelease|x86.ActiveCfg = Release|Any CPU
		{B53FD99A-2EDF-4132-A76C-7141755F4E64}.MyRelease|x86.Build.0 = Release|Any CPU
		{B53FD99A-2EDF-4132-A76C-7141755F4E64}.Release|Any CPU.ActiveCfg = Release|Any CPU
		{B53FD99A-2EDF-4132-A76C-7141755F4E64}.Release|Any CPU.Build.0 = Release|Any CPU
		{B53FD99A-2EDF-4132-A76C-7141755F4E64}.Release|ARM.ActiveCfg = Release|Any CPU
		{B53FD99A-2EDF-4132-A76C-7141755F4E64}.Release|ARM.Build.0 = Release|Any CPU
		{B53FD99A-2EDF-4132-A76C-7141755F4E64}.Release|iPhone.ActiveCfg = Release|Any CPU
		{B53FD99A-2EDF-4132-A76C-7141755F4E64}.Release|iPhone.Build.0 = Release|Any CPU
		{B53FD99A-2EDF-4132-A76C-7141755F4E64}.Release|iPhoneSimulator.ActiveCfg = Release|Any CPU
		{B53FD99A-2EDF-4132-A76C-7141755F4E64}.Release|iPhoneSimulator.Build.0 = Release|Any CPU
		{B53FD99A-2EDF-4132-A76C-7141755F4E64}.Release|x64.ActiveCfg = Release|Any CPU
		{B53FD99A-2EDF-4132-A76C-7141755F4E64}.Release|x64.Build.0 = Release|Any CPU
		{B53FD99A-2EDF-4132-A76C-7141755F4E64}.Release|x86.ActiveCfg = Release|Any CPU
		{B53FD99A-2EDF-4132-A76C-7141755F4E64}.Release|x86.Build.0 = Release|Any CPU
		{84C6B19A-93AF-403D-A740-A1BCB55C0949}.Ad-Hoc|Any CPU.ActiveCfg = Release|Any CPU
		{84C6B19A-93AF-403D-A740-A1BCB55C0949}.Ad-Hoc|Any CPU.Build.0 = Release|Any CPU
		{84C6B19A-93AF-403D-A740-A1BCB55C0949}.Ad-Hoc|Any CPU.Deploy.0 = Release|Any CPU
		{84C6B19A-93AF-403D-A740-A1BCB55C0949}.Ad-Hoc|ARM.ActiveCfg = Release|Any CPU
		{84C6B19A-93AF-403D-A740-A1BCB55C0949}.Ad-Hoc|ARM.Build.0 = Release|Any CPU
		{84C6B19A-93AF-403D-A740-A1BCB55C0949}.Ad-Hoc|ARM.Deploy.0 = Release|Any CPU
		{84C6B19A-93AF-403D-A740-A1BCB55C0949}.Ad-Hoc|iPhone.ActiveCfg = Release|Any CPU
		{84C6B19A-93AF-403D-A740-A1BCB55C0949}.Ad-Hoc|iPhone.Build.0 = Release|Any CPU
		{84C6B19A-93AF-403D-A740-A1BCB55C0949}.Ad-Hoc|iPhone.Deploy.0 = Release|Any CPU
		{84C6B19A-93AF-403D-A740-A1BCB55C0949}.Ad-Hoc|iPhoneSimulator.ActiveCfg = Release|Any CPU
		{84C6B19A-93AF-403D-A740-A1BCB55C0949}.Ad-Hoc|iPhoneSimulator.Build.0 = Release|Any CPU
		{84C6B19A-93AF-403D-A740-A1BCB55C0949}.Ad-Hoc|iPhoneSimulator.Deploy.0 = Release|Any CPU
		{84C6B19A-93AF-403D-A740-A1BCB55C0949}.Ad-Hoc|x64.ActiveCfg = Release|Any CPU
		{84C6B19A-93AF-403D-A740-A1BCB55C0949}.Ad-Hoc|x64.Build.0 = Release|Any CPU
		{84C6B19A-93AF-403D-A740-A1BCB55C0949}.Ad-Hoc|x64.Deploy.0 = Release|Any CPU
		{84C6B19A-93AF-403D-A740-A1BCB55C0949}.Ad-Hoc|x86.ActiveCfg = Release|Any CPU
		{84C6B19A-93AF-403D-A740-A1BCB55C0949}.Ad-Hoc|x86.Build.0 = Release|Any CPU
		{84C6B19A-93AF-403D-A740-A1BCB55C0949}.Ad-Hoc|x86.Deploy.0 = Release|Any CPU
		{84C6B19A-93AF-403D-A740-A1BCB55C0949}.AppStore|Any CPU.ActiveCfg = Release|Any CPU
		{84C6B19A-93AF-403D-A740-A1BCB55C0949}.AppStore|Any CPU.Build.0 = Release|Any CPU
		{84C6B19A-93AF-403D-A740-A1BCB55C0949}.AppStore|Any CPU.Deploy.0 = Release|Any CPU
		{84C6B19A-93AF-403D-A740-A1BCB55C0949}.AppStore|ARM.ActiveCfg = Release|Any CPU
		{84C6B19A-93AF-403D-A740-A1BCB55C0949}.AppStore|ARM.Build.0 = Release|Any CPU
		{84C6B19A-93AF-403D-A740-A1BCB55C0949}.AppStore|ARM.Deploy.0 = Release|Any CPU
		{84C6B19A-93AF-403D-A740-A1BCB55C0949}.AppStore|iPhone.ActiveCfg = Release|Any CPU
		{84C6B19A-93AF-403D-A740-A1BCB55C0949}.AppStore|iPhone.Build.0 = Release|Any CPU
		{84C6B19A-93AF-403D-A740-A1BCB55C0949}.AppStore|iPhone.Deploy.0 = Release|Any CPU
		{84C6B19A-93AF-403D-A740-A1BCB55C0949}.AppStore|iPhoneSimulator.ActiveCfg = Release|Any CPU
		{84C6B19A-93AF-403D-A740-A1BCB55C0949}.AppStore|iPhoneSimulator.Build.0 = Release|Any CPU
		{84C6B19A-93AF-403D-A740-A1BCB55C0949}.AppStore|iPhoneSimulator.Deploy.0 = Release|Any CPU
		{84C6B19A-93AF-403D-A740-A1BCB55C0949}.AppStore|x64.ActiveCfg = Release|Any CPU
		{84C6B19A-93AF-403D-A740-A1BCB55C0949}.AppStore|x64.Build.0 = Release|Any CPU
		{84C6B19A-93AF-403D-A740-A1BCB55C0949}.AppStore|x64.Deploy.0 = Release|Any CPU
		{84C6B19A-93AF-403D-A740-A1BCB55C0949}.AppStore|x86.ActiveCfg = Release|Any CPU
		{84C6B19A-93AF-403D-A740-A1BCB55C0949}.AppStore|x86.Build.0 = Release|Any CPU
		{84C6B19A-93AF-403D-A740-A1BCB55C0949}.AppStore|x86.Deploy.0 = Release|Any CPU
		{84C6B19A-93AF-403D-A740-A1BCB55C0949}.Debug|Any CPU.ActiveCfg = Debug|Any CPU
		{84C6B19A-93AF-403D-A740-A1BCB55C0949}.Debug|Any CPU.Build.0 = Debug|Any CPU
		{84C6B19A-93AF-403D-A740-A1BCB55C0949}.Debug|Any CPU.Deploy.0 = Debug|Any CPU
		{84C6B19A-93AF-403D-A740-A1BCB55C0949}.Debug|ARM.ActiveCfg = Debug|Any CPU
		{84C6B19A-93AF-403D-A740-A1BCB55C0949}.Debug|ARM.Build.0 = Debug|Any CPU
		{84C6B19A-93AF-403D-A740-A1BCB55C0949}.Debug|ARM.Deploy.0 = Debug|Any CPU
		{84C6B19A-93AF-403D-A740-A1BCB55C0949}.Debug|iPhone.ActiveCfg = Debug|Any CPU
		{84C6B19A-93AF-403D-A740-A1BCB55C0949}.Debug|iPhone.Build.0 = Debug|Any CPU
		{84C6B19A-93AF-403D-A740-A1BCB55C0949}.Debug|iPhone.Deploy.0 = Debug|Any CPU
		{84C6B19A-93AF-403D-A740-A1BCB55C0949}.Debug|iPhoneSimulator.ActiveCfg = Debug|Any CPU
		{84C6B19A-93AF-403D-A740-A1BCB55C0949}.Debug|iPhoneSimulator.Build.0 = Debug|Any CPU
		{84C6B19A-93AF-403D-A740-A1BCB55C0949}.Debug|iPhoneSimulator.Deploy.0 = Debug|Any CPU
		{84C6B19A-93AF-403D-A740-A1BCB55C0949}.Debug|x64.ActiveCfg = Debug|Any CPU
		{84C6B19A-93AF-403D-A740-A1BCB55C0949}.Debug|x64.Build.0 = Debug|Any CPU
		{84C6B19A-93AF-403D-A740-A1BCB55C0949}.Debug|x64.Deploy.0 = Debug|Any CPU
		{84C6B19A-93AF-403D-A740-A1BCB55C0949}.Debug|x86.ActiveCfg = Debug|Any CPU
		{84C6B19A-93AF-403D-A740-A1BCB55C0949}.Debug|x86.Build.0 = Debug|Any CPU
		{84C6B19A-93AF-403D-A740-A1BCB55C0949}.Debug|x86.Deploy.0 = Debug|Any CPU
		{84C6B19A-93AF-403D-A740-A1BCB55C0949}.My Release (main)|Any CPU.ActiveCfg = My Release|Any CPU
		{84C6B19A-93AF-403D-A740-A1BCB55C0949}.My Release (main)|Any CPU.Build.0 = My Release|Any CPU
		{84C6B19A-93AF-403D-A740-A1BCB55C0949}.My Release (main)|Any CPU.Deploy.0 = My Release|Any CPU
		{84C6B19A-93AF-403D-A740-A1BCB55C0949}.My Release (main)|ARM.ActiveCfg = My Release|Any CPU
		{84C6B19A-93AF-403D-A740-A1BCB55C0949}.My Release (main)|ARM.Build.0 = My Release|Any CPU
		{84C6B19A-93AF-403D-A740-A1BCB55C0949}.My Release (main)|ARM.Deploy.0 = My Release|Any CPU
		{84C6B19A-93AF-403D-A740-A1BCB55C0949}.My Release (main)|iPhone.ActiveCfg = My Release|Any CPU
		{84C6B19A-93AF-403D-A740-A1BCB55C0949}.My Release (main)|iPhone.Build.0 = My Release|Any CPU
		{84C6B19A-93AF-403D-A740-A1BCB55C0949}.My Release (main)|iPhone.Deploy.0 = My Release|Any CPU
		{84C6B19A-93AF-403D-A740-A1BCB55C0949}.My Release (main)|iPhoneSimulator.ActiveCfg = My Release|Any CPU
		{84C6B19A-93AF-403D-A740-A1BCB55C0949}.My Release (main)|iPhoneSimulator.Build.0 = My Release|Any CPU
		{84C6B19A-93AF-403D-A740-A1BCB55C0949}.My Release (main)|iPhoneSimulator.Deploy.0 = My Release|Any CPU
		{84C6B19A-93AF-403D-A740-A1BCB55C0949}.My Release (main)|x64.ActiveCfg = My Release|Any CPU
		{84C6B19A-93AF-403D-A740-A1BCB55C0949}.My Release (main)|x64.Build.0 = My Release|Any CPU
		{84C6B19A-93AF-403D-A740-A1BCB55C0949}.My Release (main)|x64.Deploy.0 = My Release|Any CPU
		{84C6B19A-93AF-403D-A740-A1BCB55C0949}.My Release (main)|x86.ActiveCfg = My Release|Any CPU
		{84C6B19A-93AF-403D-A740-A1BCB55C0949}.My Release (main)|x86.Build.0 = My Release|Any CPU
		{84C6B19A-93AF-403D-A740-A1BCB55C0949}.My Release (main)|x86.Deploy.0 = My Release|Any CPU
		{84C6B19A-93AF-403D-A740-A1BCB55C0949}.My_Release|Any CPU.ActiveCfg = Release|Any CPU
		{84C6B19A-93AF-403D-A740-A1BCB55C0949}.My_Release|Any CPU.Build.0 = Release|Any CPU
		{84C6B19A-93AF-403D-A740-A1BCB55C0949}.My_Release|Any CPU.Deploy.0 = Release|Any CPU
		{84C6B19A-93AF-403D-A740-A1BCB55C0949}.My_Release|ARM.ActiveCfg = Release|Any CPU
		{84C6B19A-93AF-403D-A740-A1BCB55C0949}.My_Release|ARM.Build.0 = Release|Any CPU
		{84C6B19A-93AF-403D-A740-A1BCB55C0949}.My_Release|ARM.Deploy.0 = Release|Any CPU
		{84C6B19A-93AF-403D-A740-A1BCB55C0949}.My_Release|iPhone.ActiveCfg = Release|Any CPU
		{84C6B19A-93AF-403D-A740-A1BCB55C0949}.My_Release|iPhone.Build.0 = Release|Any CPU
		{84C6B19A-93AF-403D-A740-A1BCB55C0949}.My_Release|iPhone.Deploy.0 = Release|Any CPU
		{84C6B19A-93AF-403D-A740-A1BCB55C0949}.My_Release|iPhoneSimulator.ActiveCfg = Release|Any CPU
		{84C6B19A-93AF-403D-A740-A1BCB55C0949}.My_Release|iPhoneSimulator.Build.0 = Release|Any CPU
		{84C6B19A-93AF-403D-A740-A1BCB55C0949}.My_Release|iPhoneSimulator.Deploy.0 = Release|Any CPU
		{84C6B19A-93AF-403D-A740-A1BCB55C0949}.My_Release|x64.ActiveCfg = Release|Any CPU
		{84C6B19A-93AF-403D-A740-A1BCB55C0949}.My_Release|x64.Build.0 = Release|Any CPU
		{84C6B19A-93AF-403D-A740-A1BCB55C0949}.My_Release|x64.Deploy.0 = Release|Any CPU
		{84C6B19A-93AF-403D-A740-A1BCB55C0949}.My_Release|x86.ActiveCfg = Release|Any CPU
		{84C6B19A-93AF-403D-A740-A1BCB55C0949}.My_Release|x86.Build.0 = Release|Any CPU
		{84C6B19A-93AF-403D-A740-A1BCB55C0949}.My_Release|x86.Deploy.0 = Release|Any CPU
		{84C6B19A-93AF-403D-A740-A1BCB55C0949}.MyRelease|Any CPU.ActiveCfg = Release|Any CPU
		{84C6B19A-93AF-403D-A740-A1BCB55C0949}.MyRelease|Any CPU.Build.0 = Release|Any CPU
		{84C6B19A-93AF-403D-A740-A1BCB55C0949}.MyRelease|Any CPU.Deploy.0 = Release|Any CPU
		{84C6B19A-93AF-403D-A740-A1BCB55C0949}.MyRelease|ARM.ActiveCfg = Release|Any CPU
		{84C6B19A-93AF-403D-A740-A1BCB55C0949}.MyRelease|ARM.Build.0 = Release|Any CPU
		{84C6B19A-93AF-403D-A740-A1BCB55C0949}.MyRelease|ARM.Deploy.0 = Release|Any CPU
		{84C6B19A-93AF-403D-A740-A1BCB55C0949}.MyRelease|iPhone.ActiveCfg = Release|Any CPU
		{84C6B19A-93AF-403D-A740-A1BCB55C0949}.MyRelease|iPhone.Build.0 = Release|Any CPU
		{84C6B19A-93AF-403D-A740-A1BCB55C0949}.MyRelease|iPhone.Deploy.0 = Release|Any CPU
		{84C6B19A-93AF-403D-A740-A1BCB55C0949}.MyRelease|iPhoneSimulator.ActiveCfg = Release|Any CPU
		{84C6B19A-93AF-403D-A740-A1BCB55C0949}.MyRelease|iPhoneSimulator.Build.0 = Release|Any CPU
		{84C6B19A-93AF-403D-A740-A1BCB55C0949}.MyRelease|iPhoneSimulator.Deploy.0 = Release|Any CPU
		{84C6B19A-93AF-403D-A740-A1BCB55C0949}.MyRelease|x64.ActiveCfg = Release|Any CPU
		{84C6B19A-93AF-403D-A740-A1BCB55C0949}.MyRelease|x64.Build.0 = Release|Any CPU
		{84C6B19A-93AF-403D-A740-A1BCB55C0949}.MyRelease|x64.Deploy.0 = Release|Any CPU
		{84C6B19A-93AF-403D-A740-A1BCB55C0949}.MyRelease|x86.ActiveCfg = Release|Any CPU
		{84C6B19A-93AF-403D-A740-A1BCB55C0949}.MyRelease|x86.Build.0 = Release|Any CPU
		{84C6B19A-93AF-403D-A740-A1BCB55C0949}.MyRelease|x86.Deploy.0 = Release|Any CPU
		{84C6B19A-93AF-403D-A740-A1BCB55C0949}.Release|Any CPU.ActiveCfg = Release|Any CPU
		{84C6B19A-93AF-403D-A740-A1BCB55C0949}.Release|Any CPU.Build.0 = Release|Any CPU
		{84C6B19A-93AF-403D-A740-A1BCB55C0949}.Release|Any CPU.Deploy.0 = Release|Any CPU
		{84C6B19A-93AF-403D-A740-A1BCB55C0949}.Release|ARM.ActiveCfg = Release|Any CPU
		{84C6B19A-93AF-403D-A740-A1BCB55C0949}.Release|ARM.Build.0 = Release|Any CPU
		{84C6B19A-93AF-403D-A740-A1BCB55C0949}.Release|ARM.Deploy.0 = Release|Any CPU
		{84C6B19A-93AF-403D-A740-A1BCB55C0949}.Release|iPhone.ActiveCfg = Release|Any CPU
		{84C6B19A-93AF-403D-A740-A1BCB55C0949}.Release|iPhone.Build.0 = Release|Any CPU
		{84C6B19A-93AF-403D-A740-A1BCB55C0949}.Release|iPhone.Deploy.0 = Release|Any CPU
		{84C6B19A-93AF-403D-A740-A1BCB55C0949}.Release|iPhoneSimulator.ActiveCfg = Release|Any CPU
		{84C6B19A-93AF-403D-A740-A1BCB55C0949}.Release|iPhoneSimulator.Build.0 = Release|Any CPU
		{84C6B19A-93AF-403D-A740-A1BCB55C0949}.Release|iPhoneSimulator.Deploy.0 = Release|Any CPU
		{84C6B19A-93AF-403D-A740-A1BCB55C0949}.Release|x64.ActiveCfg = Release|Any CPU
		{84C6B19A-93AF-403D-A740-A1BCB55C0949}.Release|x64.Build.0 = Release|Any CPU
		{84C6B19A-93AF-403D-A740-A1BCB55C0949}.Release|x64.Deploy.0 = Release|Any CPU
		{84C6B19A-93AF-403D-A740-A1BCB55C0949}.Release|x86.ActiveCfg = Release|Any CPU
		{84C6B19A-93AF-403D-A740-A1BCB55C0949}.Release|x86.Build.0 = Release|Any CPU
		{84C6B19A-93AF-403D-A740-A1BCB55C0949}.Release|x86.Deploy.0 = Release|Any CPU
		{11BBAA7E-6531-40D8-ABF0-848CA5FB8B99}.Ad-Hoc|Any CPU.ActiveCfg = Ad-Hoc|iPhone
		{11BBAA7E-6531-40D8-ABF0-848CA5FB8B99}.Ad-Hoc|ARM.ActiveCfg = Ad-Hoc|iPhone
		{11BBAA7E-6531-40D8-ABF0-848CA5FB8B99}.Ad-Hoc|iPhone.ActiveCfg = Ad-Hoc|iPhone
		{11BBAA7E-6531-40D8-ABF0-848CA5FB8B99}.Ad-Hoc|iPhone.Build.0 = Ad-Hoc|iPhone
		{11BBAA7E-6531-40D8-ABF0-848CA5FB8B99}.Ad-Hoc|iPhoneSimulator.ActiveCfg = Ad-Hoc|iPhoneSimulator
		{11BBAA7E-6531-40D8-ABF0-848CA5FB8B99}.Ad-Hoc|iPhoneSimulator.Build.0 = Ad-Hoc|iPhoneSimulator
		{11BBAA7E-6531-40D8-ABF0-848CA5FB8B99}.Ad-Hoc|x64.ActiveCfg = Ad-Hoc|iPhone
		{11BBAA7E-6531-40D8-ABF0-848CA5FB8B99}.Ad-Hoc|x86.ActiveCfg = Ad-Hoc|iPhone
		{11BBAA7E-6531-40D8-ABF0-848CA5FB8B99}.AppStore|Any CPU.ActiveCfg = AppStore|iPhone
		{11BBAA7E-6531-40D8-ABF0-848CA5FB8B99}.AppStore|ARM.ActiveCfg = AppStore|iPhone
		{11BBAA7E-6531-40D8-ABF0-848CA5FB8B99}.AppStore|iPhone.ActiveCfg = AppStore|iPhone
		{11BBAA7E-6531-40D8-ABF0-848CA5FB8B99}.AppStore|iPhone.Build.0 = AppStore|iPhone
		{11BBAA7E-6531-40D8-ABF0-848CA5FB8B99}.AppStore|iPhoneSimulator.ActiveCfg = AppStore|iPhoneSimulator
		{11BBAA7E-6531-40D8-ABF0-848CA5FB8B99}.AppStore|iPhoneSimulator.Build.0 = AppStore|iPhoneSimulator
		{11BBAA7E-6531-40D8-ABF0-848CA5FB8B99}.AppStore|x64.ActiveCfg = AppStore|iPhone
		{11BBAA7E-6531-40D8-ABF0-848CA5FB8B99}.AppStore|x86.ActiveCfg = AppStore|iPhone
		{11BBAA7E-6531-40D8-ABF0-848CA5FB8B99}.Debug|Any CPU.ActiveCfg = Debug|iPhoneSimulator
		{11BBAA7E-6531-40D8-ABF0-848CA5FB8B99}.Debug|ARM.ActiveCfg = Debug|iPhone
		{11BBAA7E-6531-40D8-ABF0-848CA5FB8B99}.Debug|iPhone.ActiveCfg = Debug|iPhone
		{11BBAA7E-6531-40D8-ABF0-848CA5FB8B99}.Debug|iPhone.Build.0 = Debug|iPhone
		{11BBAA7E-6531-40D8-ABF0-848CA5FB8B99}.Debug|iPhoneSimulator.ActiveCfg = Debug|iPhoneSimulator
		{11BBAA7E-6531-40D8-ABF0-848CA5FB8B99}.Debug|iPhoneSimulator.Build.0 = Debug|iPhoneSimulator
		{11BBAA7E-6531-40D8-ABF0-848CA5FB8B99}.Debug|x64.ActiveCfg = Debug|iPhone
		{11BBAA7E-6531-40D8-ABF0-848CA5FB8B99}.Debug|x86.ActiveCfg = Debug|iPhone
		{11BBAA7E-6531-40D8-ABF0-848CA5FB8B99}.My Release (main)|Any CPU.ActiveCfg = Release|iPhoneSimulator
		{11BBAA7E-6531-40D8-ABF0-848CA5FB8B99}.My Release (main)|Any CPU.Build.0 = Release|iPhoneSimulator
		{11BBAA7E-6531-40D8-ABF0-848CA5FB8B99}.My Release (main)|ARM.ActiveCfg = Release|iPhoneSimulator
		{11BBAA7E-6531-40D8-ABF0-848CA5FB8B99}.My Release (main)|ARM.Build.0 = Release|iPhoneSimulator
		{11BBAA7E-6531-40D8-ABF0-848CA5FB8B99}.My Release (main)|iPhone.ActiveCfg = Release|iPhone
		{11BBAA7E-6531-40D8-ABF0-848CA5FB8B99}.My Release (main)|iPhone.Build.0 = Release|iPhone
		{11BBAA7E-6531-40D8-ABF0-848CA5FB8B99}.My Release (main)|iPhoneSimulator.ActiveCfg = Release|iPhoneSimulator
		{11BBAA7E-6531-40D8-ABF0-848CA5FB8B99}.My Release (main)|iPhoneSimulator.Build.0 = Release|iPhoneSimulator
		{11BBAA7E-6531-40D8-ABF0-848CA5FB8B99}.My Release (main)|x64.ActiveCfg = Release|iPhoneSimulator
		{11BBAA7E-6531-40D8-ABF0-848CA5FB8B99}.My Release (main)|x64.Build.0 = Release|iPhoneSimulator
		{11BBAA7E-6531-40D8-ABF0-848CA5FB8B99}.My Release (main)|x86.ActiveCfg = Release|iPhoneSimulator
		{11BBAA7E-6531-40D8-ABF0-848CA5FB8B99}.My Release (main)|x86.Build.0 = Release|iPhoneSimulator
		{11BBAA7E-6531-40D8-ABF0-848CA5FB8B99}.My_Release|Any CPU.ActiveCfg = Release|iPhoneSimulator
		{11BBAA7E-6531-40D8-ABF0-848CA5FB8B99}.My_Release|Any CPU.Build.0 = Release|iPhoneSimulator
		{11BBAA7E-6531-40D8-ABF0-848CA5FB8B99}.My_Release|ARM.ActiveCfg = Release|iPhoneSimulator
		{11BBAA7E-6531-40D8-ABF0-848CA5FB8B99}.My_Release|ARM.Build.0 = Release|iPhoneSimulator
		{11BBAA7E-6531-40D8-ABF0-848CA5FB8B99}.My_Release|iPhone.ActiveCfg = Release|iPhone
		{11BBAA7E-6531-40D8-ABF0-848CA5FB8B99}.My_Release|iPhone.Build.0 = Release|iPhone
		{11BBAA7E-6531-40D8-ABF0-848CA5FB8B99}.My_Release|iPhoneSimulator.ActiveCfg = Release|iPhoneSimulator
		{11BBAA7E-6531-40D8-ABF0-848CA5FB8B99}.My_Release|iPhoneSimulator.Build.0 = Release|iPhoneSimulator
		{11BBAA7E-6531-40D8-ABF0-848CA5FB8B99}.My_Release|x64.ActiveCfg = Release|iPhoneSimulator
		{11BBAA7E-6531-40D8-ABF0-848CA5FB8B99}.My_Release|x64.Build.0 = Release|iPhoneSimulator
		{11BBAA7E-6531-40D8-ABF0-848CA5FB8B99}.My_Release|x86.ActiveCfg = Release|iPhoneSimulator
		{11BBAA7E-6531-40D8-ABF0-848CA5FB8B99}.My_Release|x86.Build.0 = Release|iPhoneSimulator
		{11BBAA7E-6531-40D8-ABF0-848CA5FB8B99}.MyRelease|Any CPU.ActiveCfg = Release|iPhoneSimulator
		{11BBAA7E-6531-40D8-ABF0-848CA5FB8B99}.MyRelease|Any CPU.Build.0 = Release|iPhoneSimulator
		{11BBAA7E-6531-40D8-ABF0-848CA5FB8B99}.MyRelease|ARM.ActiveCfg = Release|iPhoneSimulator
		{11BBAA7E-6531-40D8-ABF0-848CA5FB8B99}.MyRelease|ARM.Build.0 = Release|iPhoneSimulator
		{11BBAA7E-6531-40D8-ABF0-848CA5FB8B99}.MyRelease|iPhone.ActiveCfg = Release|iPhone
		{11BBAA7E-6531-40D8-ABF0-848CA5FB8B99}.MyRelease|iPhone.Build.0 = Release|iPhone
		{11BBAA7E-6531-40D8-ABF0-848CA5FB8B99}.MyRelease|iPhoneSimulator.ActiveCfg = Release|iPhoneSimulator
		{11BBAA7E-6531-40D8-ABF0-848CA5FB8B99}.MyRelease|iPhoneSimulator.Build.0 = Release|iPhoneSimulator
		{11BBAA7E-6531-40D8-ABF0-848CA5FB8B99}.MyRelease|x64.ActiveCfg = Release|iPhoneSimulator
		{11BBAA7E-6531-40D8-ABF0-848CA5FB8B99}.MyRelease|x64.Build.0 = Release|iPhoneSimulator
		{11BBAA7E-6531-40D8-ABF0-848CA5FB8B99}.MyRelease|x86.ActiveCfg = Release|iPhoneSimulator
		{11BBAA7E-6531-40D8-ABF0-848CA5FB8B99}.MyRelease|x86.Build.0 = Release|iPhoneSimulator
		{11BBAA7E-6531-40D8-ABF0-848CA5FB8B99}.Release|Any CPU.ActiveCfg = Release|iPhone
		{11BBAA7E-6531-40D8-ABF0-848CA5FB8B99}.Release|ARM.ActiveCfg = Release|iPhone
		{11BBAA7E-6531-40D8-ABF0-848CA5FB8B99}.Release|iPhone.ActiveCfg = Release|iPhone
		{11BBAA7E-6531-40D8-ABF0-848CA5FB8B99}.Release|iPhone.Build.0 = Release|iPhone
		{11BBAA7E-6531-40D8-ABF0-848CA5FB8B99}.Release|iPhoneSimulator.ActiveCfg = Release|iPhoneSimulator
		{11BBAA7E-6531-40D8-ABF0-848CA5FB8B99}.Release|iPhoneSimulator.Build.0 = Release|iPhoneSimulator
		{11BBAA7E-6531-40D8-ABF0-848CA5FB8B99}.Release|x64.ActiveCfg = Release|iPhone
		{11BBAA7E-6531-40D8-ABF0-848CA5FB8B99}.Release|x86.ActiveCfg = Release|iPhone
		{67F9D3A8-F71E-4428-913F-C37AE82CDB24}.Ad-Hoc|Any CPU.ActiveCfg = Release|Any CPU
		{67F9D3A8-F71E-4428-913F-C37AE82CDB24}.Ad-Hoc|Any CPU.Build.0 = Release|Any CPU
		{67F9D3A8-F71E-4428-913F-C37AE82CDB24}.Ad-Hoc|ARM.ActiveCfg = Release|Any CPU
		{67F9D3A8-F71E-4428-913F-C37AE82CDB24}.Ad-Hoc|ARM.Build.0 = Release|Any CPU
		{67F9D3A8-F71E-4428-913F-C37AE82CDB24}.Ad-Hoc|iPhone.ActiveCfg = Release|Any CPU
		{67F9D3A8-F71E-4428-913F-C37AE82CDB24}.Ad-Hoc|iPhone.Build.0 = Release|Any CPU
		{67F9D3A8-F71E-4428-913F-C37AE82CDB24}.Ad-Hoc|iPhoneSimulator.ActiveCfg = Release|Any CPU
		{67F9D3A8-F71E-4428-913F-C37AE82CDB24}.Ad-Hoc|iPhoneSimulator.Build.0 = Release|Any CPU
		{67F9D3A8-F71E-4428-913F-C37AE82CDB24}.Ad-Hoc|x64.ActiveCfg = Release|Any CPU
		{67F9D3A8-F71E-4428-913F-C37AE82CDB24}.Ad-Hoc|x64.Build.0 = Release|Any CPU
		{67F9D3A8-F71E-4428-913F-C37AE82CDB24}.Ad-Hoc|x86.ActiveCfg = Release|Any CPU
		{67F9D3A8-F71E-4428-913F-C37AE82CDB24}.Ad-Hoc|x86.Build.0 = Release|Any CPU
		{67F9D3A8-F71E-4428-913F-C37AE82CDB24}.AppStore|Any CPU.ActiveCfg = Release|Any CPU
		{67F9D3A8-F71E-4428-913F-C37AE82CDB24}.AppStore|Any CPU.Build.0 = Release|Any CPU
		{67F9D3A8-F71E-4428-913F-C37AE82CDB24}.AppStore|ARM.ActiveCfg = Release|Any CPU
		{67F9D3A8-F71E-4428-913F-C37AE82CDB24}.AppStore|ARM.Build.0 = Release|Any CPU
		{67F9D3A8-F71E-4428-913F-C37AE82CDB24}.AppStore|iPhone.ActiveCfg = Release|Any CPU
		{67F9D3A8-F71E-4428-913F-C37AE82CDB24}.AppStore|iPhone.Build.0 = Release|Any CPU
		{67F9D3A8-F71E-4428-913F-C37AE82CDB24}.AppStore|iPhoneSimulator.ActiveCfg = Release|Any CPU
		{67F9D3A8-F71E-4428-913F-C37AE82CDB24}.AppStore|iPhoneSimulator.Build.0 = Release|Any CPU
		{67F9D3A8-F71E-4428-913F-C37AE82CDB24}.AppStore|x64.ActiveCfg = Release|Any CPU
		{67F9D3A8-F71E-4428-913F-C37AE82CDB24}.AppStore|x64.Build.0 = Release|Any CPU
		{67F9D3A8-F71E-4428-913F-C37AE82CDB24}.AppStore|x86.ActiveCfg = Release|Any CPU
		{67F9D3A8-F71E-4428-913F-C37AE82CDB24}.AppStore|x86.Build.0 = Release|Any CPU
		{67F9D3A8-F71E-4428-913F-C37AE82CDB24}.Debug|Any CPU.ActiveCfg = Debug|Any CPU
		{67F9D3A8-F71E-4428-913F-C37AE82CDB24}.Debug|Any CPU.Build.0 = Debug|Any CPU
		{67F9D3A8-F71E-4428-913F-C37AE82CDB24}.Debug|ARM.ActiveCfg = Debug|Any CPU
		{67F9D3A8-F71E-4428-913F-C37AE82CDB24}.Debug|ARM.Build.0 = Debug|Any CPU
		{67F9D3A8-F71E-4428-913F-C37AE82CDB24}.Debug|iPhone.ActiveCfg = Debug|Any CPU
		{67F9D3A8-F71E-4428-913F-C37AE82CDB24}.Debug|iPhone.Build.0 = Debug|Any CPU
		{67F9D3A8-F71E-4428-913F-C37AE82CDB24}.Debug|iPhoneSimulator.ActiveCfg = Debug|Any CPU
		{67F9D3A8-F71E-4428-913F-C37AE82CDB24}.Debug|iPhoneSimulator.Build.0 = Debug|Any CPU
		{67F9D3A8-F71E-4428-913F-C37AE82CDB24}.Debug|x64.ActiveCfg = Debug|Any CPU
		{67F9D3A8-F71E-4428-913F-C37AE82CDB24}.Debug|x64.Build.0 = Debug|Any CPU
		{67F9D3A8-F71E-4428-913F-C37AE82CDB24}.Debug|x86.ActiveCfg = Debug|Any CPU
		{67F9D3A8-F71E-4428-913F-C37AE82CDB24}.Debug|x86.Build.0 = Debug|Any CPU
		{67F9D3A8-F71E-4428-913F-C37AE82CDB24}.My Release (main)|Any CPU.ActiveCfg = Release|Any CPU
		{67F9D3A8-F71E-4428-913F-C37AE82CDB24}.My Release (main)|Any CPU.Build.0 = Release|Any CPU
		{67F9D3A8-F71E-4428-913F-C37AE82CDB24}.My Release (main)|ARM.ActiveCfg = Release|Any CPU
		{67F9D3A8-F71E-4428-913F-C37AE82CDB24}.My Release (main)|ARM.Build.0 = Release|Any CPU
		{67F9D3A8-F71E-4428-913F-C37AE82CDB24}.My Release (main)|iPhone.ActiveCfg = Release|Any CPU
		{67F9D3A8-F71E-4428-913F-C37AE82CDB24}.My Release (main)|iPhone.Build.0 = Release|Any CPU
		{67F9D3A8-F71E-4428-913F-C37AE82CDB24}.My Release (main)|iPhoneSimulator.ActiveCfg = Release|Any CPU
		{67F9D3A8-F71E-4428-913F-C37AE82CDB24}.My Release (main)|iPhoneSimulator.Build.0 = Release|Any CPU
		{67F9D3A8-F71E-4428-913F-C37AE82CDB24}.My Release (main)|x64.ActiveCfg = Release|Any CPU
		{67F9D3A8-F71E-4428-913F-C37AE82CDB24}.My Release (main)|x64.Build.0 = Release|Any CPU
		{67F9D3A8-F71E-4428-913F-C37AE82CDB24}.My Release (main)|x86.ActiveCfg = Release|Any CPU
		{67F9D3A8-F71E-4428-913F-C37AE82CDB24}.My Release (main)|x86.Build.0 = Release|Any CPU
		{67F9D3A8-F71E-4428-913F-C37AE82CDB24}.My_Release|Any CPU.ActiveCfg = Release|Any CPU
		{67F9D3A8-F71E-4428-913F-C37AE82CDB24}.My_Release|Any CPU.Build.0 = Release|Any CPU
		{67F9D3A8-F71E-4428-913F-C37AE82CDB24}.My_Release|ARM.ActiveCfg = Release|Any CPU
		{67F9D3A8-F71E-4428-913F-C37AE82CDB24}.My_Release|ARM.Build.0 = Release|Any CPU
		{67F9D3A8-F71E-4428-913F-C37AE82CDB24}.My_Release|iPhone.ActiveCfg = Release|Any CPU
		{67F9D3A8-F71E-4428-913F-C37AE82CDB24}.My_Release|iPhone.Build.0 = Release|Any CPU
		{67F9D3A8-F71E-4428-913F-C37AE82CDB24}.My_Release|iPhoneSimulator.ActiveCfg = Release|Any CPU
		{67F9D3A8-F71E-4428-913F-C37AE82CDB24}.My_Release|iPhoneSimulator.Build.0 = Release|Any CPU
		{67F9D3A8-F71E-4428-913F-C37AE82CDB24}.My_Release|x64.ActiveCfg = Release|Any CPU
		{67F9D3A8-F71E-4428-913F-C37AE82CDB24}.My_Release|x64.Build.0 = Release|Any CPU
		{67F9D3A8-F71E-4428-913F-C37AE82CDB24}.My_Release|x86.ActiveCfg = Release|Any CPU
		{67F9D3A8-F71E-4428-913F-C37AE82CDB24}.My_Release|x86.Build.0 = Release|Any CPU
		{67F9D3A8-F71E-4428-913F-C37AE82CDB24}.MyRelease|Any CPU.ActiveCfg = Release|Any CPU
		{67F9D3A8-F71E-4428-913F-C37AE82CDB24}.MyRelease|Any CPU.Build.0 = Release|Any CPU
		{67F9D3A8-F71E-4428-913F-C37AE82CDB24}.MyRelease|ARM.ActiveCfg = Release|Any CPU
		{67F9D3A8-F71E-4428-913F-C37AE82CDB24}.MyRelease|ARM.Build.0 = Release|Any CPU
		{67F9D3A8-F71E-4428-913F-C37AE82CDB24}.MyRelease|iPhone.ActiveCfg = Release|Any CPU
		{67F9D3A8-F71E-4428-913F-C37AE82CDB24}.MyRelease|iPhone.Build.0 = Release|Any CPU
		{67F9D3A8-F71E-4428-913F-C37AE82CDB24}.MyRelease|iPhoneSimulator.ActiveCfg = Release|Any CPU
		{67F9D3A8-F71E-4428-913F-C37AE82CDB24}.MyRelease|iPhoneSimulator.Build.0 = Release|Any CPU
		{67F9D3A8-F71E-4428-913F-C37AE82CDB24}.MyRelease|x64.ActiveCfg = Release|Any CPU
		{67F9D3A8-F71E-4428-913F-C37AE82CDB24}.MyRelease|x64.Build.0 = Release|Any CPU
		{67F9D3A8-F71E-4428-913F-C37AE82CDB24}.MyRelease|x86.ActiveCfg = Release|Any CPU
		{67F9D3A8-F71E-4428-913F-C37AE82CDB24}.MyRelease|x86.Build.0 = Release|Any CPU
		{67F9D3A8-F71E-4428-913F-C37AE82CDB24}.Release|Any CPU.ActiveCfg = Release|Any CPU
		{67F9D3A8-F71E-4428-913F-C37AE82CDB24}.Release|Any CPU.Build.0 = Release|Any CPU
		{67F9D3A8-F71E-4428-913F-C37AE82CDB24}.Release|ARM.ActiveCfg = Release|Any CPU
		{67F9D3A8-F71E-4428-913F-C37AE82CDB24}.Release|ARM.Build.0 = Release|Any CPU
		{67F9D3A8-F71E-4428-913F-C37AE82CDB24}.Release|iPhone.ActiveCfg = Release|Any CPU
		{67F9D3A8-F71E-4428-913F-C37AE82CDB24}.Release|iPhone.Build.0 = Release|Any CPU
		{67F9D3A8-F71E-4428-913F-C37AE82CDB24}.Release|iPhoneSimulator.ActiveCfg = Release|Any CPU
		{67F9D3A8-F71E-4428-913F-C37AE82CDB24}.Release|iPhoneSimulator.Build.0 = Release|Any CPU
		{67F9D3A8-F71E-4428-913F-C37AE82CDB24}.Release|x64.ActiveCfg = Release|Any CPU
		{67F9D3A8-F71E-4428-913F-C37AE82CDB24}.Release|x64.Build.0 = Release|Any CPU
		{67F9D3A8-F71E-4428-913F-C37AE82CDB24}.Release|x86.ActiveCfg = Release|Any CPU
		{67F9D3A8-F71E-4428-913F-C37AE82CDB24}.Release|x86.Build.0 = Release|Any CPU
		{1AD61FCD-9406-4302-AD55-6382A186074C}.Ad-Hoc|Any CPU.ActiveCfg = Release|Any CPU
		{1AD61FCD-9406-4302-AD55-6382A186074C}.Ad-Hoc|Any CPU.Build.0 = Release|Any CPU
		{1AD61FCD-9406-4302-AD55-6382A186074C}.Ad-Hoc|ARM.ActiveCfg = Release|Any CPU
		{1AD61FCD-9406-4302-AD55-6382A186074C}.Ad-Hoc|ARM.Build.0 = Release|Any CPU
		{1AD61FCD-9406-4302-AD55-6382A186074C}.Ad-Hoc|iPhone.ActiveCfg = Release|Any CPU
		{1AD61FCD-9406-4302-AD55-6382A186074C}.Ad-Hoc|iPhone.Build.0 = Release|Any CPU
		{1AD61FCD-9406-4302-AD55-6382A186074C}.Ad-Hoc|iPhoneSimulator.ActiveCfg = Release|Any CPU
		{1AD61FCD-9406-4302-AD55-6382A186074C}.Ad-Hoc|iPhoneSimulator.Build.0 = Release|Any CPU
		{1AD61FCD-9406-4302-AD55-6382A186074C}.Ad-Hoc|x64.ActiveCfg = Release|Any CPU
		{1AD61FCD-9406-4302-AD55-6382A186074C}.Ad-Hoc|x64.Build.0 = Release|Any CPU
		{1AD61FCD-9406-4302-AD55-6382A186074C}.Ad-Hoc|x86.ActiveCfg = Release|Any CPU
		{1AD61FCD-9406-4302-AD55-6382A186074C}.Ad-Hoc|x86.Build.0 = Release|Any CPU
		{1AD61FCD-9406-4302-AD55-6382A186074C}.AppStore|Any CPU.ActiveCfg = Release|Any CPU
		{1AD61FCD-9406-4302-AD55-6382A186074C}.AppStore|Any CPU.Build.0 = Release|Any CPU
		{1AD61FCD-9406-4302-AD55-6382A186074C}.AppStore|ARM.ActiveCfg = Release|Any CPU
		{1AD61FCD-9406-4302-AD55-6382A186074C}.AppStore|ARM.Build.0 = Release|Any CPU
		{1AD61FCD-9406-4302-AD55-6382A186074C}.AppStore|iPhone.ActiveCfg = Release|Any CPU
		{1AD61FCD-9406-4302-AD55-6382A186074C}.AppStore|iPhone.Build.0 = Release|Any CPU
		{1AD61FCD-9406-4302-AD55-6382A186074C}.AppStore|iPhoneSimulator.ActiveCfg = Release|Any CPU
		{1AD61FCD-9406-4302-AD55-6382A186074C}.AppStore|iPhoneSimulator.Build.0 = Release|Any CPU
		{1AD61FCD-9406-4302-AD55-6382A186074C}.AppStore|x64.ActiveCfg = Release|Any CPU
		{1AD61FCD-9406-4302-AD55-6382A186074C}.AppStore|x64.Build.0 = Release|Any CPU
		{1AD61FCD-9406-4302-AD55-6382A186074C}.AppStore|x86.ActiveCfg = Release|Any CPU
		{1AD61FCD-9406-4302-AD55-6382A186074C}.AppStore|x86.Build.0 = Release|Any CPU
		{1AD61FCD-9406-4302-AD55-6382A186074C}.Debug|Any CPU.ActiveCfg = Debug|Any CPU
		{1AD61FCD-9406-4302-AD55-6382A186074C}.Debug|Any CPU.Build.0 = Debug|Any CPU
		{1AD61FCD-9406-4302-AD55-6382A186074C}.Debug|ARM.ActiveCfg = Debug|Any CPU
		{1AD61FCD-9406-4302-AD55-6382A186074C}.Debug|ARM.Build.0 = Debug|Any CPU
		{1AD61FCD-9406-4302-AD55-6382A186074C}.Debug|iPhone.ActiveCfg = Debug|Any CPU
		{1AD61FCD-9406-4302-AD55-6382A186074C}.Debug|iPhone.Build.0 = Debug|Any CPU
		{1AD61FCD-9406-4302-AD55-6382A186074C}.Debug|iPhoneSimulator.ActiveCfg = Debug|Any CPU
		{1AD61FCD-9406-4302-AD55-6382A186074C}.Debug|iPhoneSimulator.Build.0 = Debug|Any CPU
		{1AD61FCD-9406-4302-AD55-6382A186074C}.Debug|x64.ActiveCfg = Debug|Any CPU
		{1AD61FCD-9406-4302-AD55-6382A186074C}.Debug|x64.Build.0 = Debug|Any CPU
		{1AD61FCD-9406-4302-AD55-6382A186074C}.Debug|x86.ActiveCfg = Debug|Any CPU
		{1AD61FCD-9406-4302-AD55-6382A186074C}.Debug|x86.Build.0 = Debug|Any CPU
		{1AD61FCD-9406-4302-AD55-6382A186074C}.My Release (main)|Any CPU.ActiveCfg = Release|Any CPU
		{1AD61FCD-9406-4302-AD55-6382A186074C}.My Release (main)|Any CPU.Build.0 = Release|Any CPU
		{1AD61FCD-9406-4302-AD55-6382A186074C}.My Release (main)|ARM.ActiveCfg = Release|Any CPU
		{1AD61FCD-9406-4302-AD55-6382A186074C}.My Release (main)|ARM.Build.0 = Release|Any CPU
		{1AD61FCD-9406-4302-AD55-6382A186074C}.My Release (main)|iPhone.ActiveCfg = Release|Any CPU
		{1AD61FCD-9406-4302-AD55-6382A186074C}.My Release (main)|iPhone.Build.0 = Release|Any CPU
		{1AD61FCD-9406-4302-AD55-6382A186074C}.My Release (main)|iPhoneSimulator.ActiveCfg = Release|Any CPU
		{1AD61FCD-9406-4302-AD55-6382A186074C}.My Release (main)|iPhoneSimulator.Build.0 = Release|Any CPU
		{1AD61FCD-9406-4302-AD55-6382A186074C}.My Release (main)|x64.ActiveCfg = Release|Any CPU
		{1AD61FCD-9406-4302-AD55-6382A186074C}.My Release (main)|x64.Build.0 = Release|Any CPU
		{1AD61FCD-9406-4302-AD55-6382A186074C}.My Release (main)|x86.ActiveCfg = Release|Any CPU
		{1AD61FCD-9406-4302-AD55-6382A186074C}.My Release (main)|x86.Build.0 = Release|Any CPU
		{1AD61FCD-9406-4302-AD55-6382A186074C}.My_Release|Any CPU.ActiveCfg = Release|Any CPU
		{1AD61FCD-9406-4302-AD55-6382A186074C}.My_Release|Any CPU.Build.0 = Release|Any CPU
		{1AD61FCD-9406-4302-AD55-6382A186074C}.My_Release|ARM.ActiveCfg = Release|Any CPU
		{1AD61FCD-9406-4302-AD55-6382A186074C}.My_Release|ARM.Build.0 = Release|Any CPU
		{1AD61FCD-9406-4302-AD55-6382A186074C}.My_Release|iPhone.ActiveCfg = Release|Any CPU
		{1AD61FCD-9406-4302-AD55-6382A186074C}.My_Release|iPhone.Build.0 = Release|Any CPU
		{1AD61FCD-9406-4302-AD55-6382A186074C}.My_Release|iPhoneSimulator.ActiveCfg = Release|Any CPU
		{1AD61FCD-9406-4302-AD55-6382A186074C}.My_Release|iPhoneSimulator.Build.0 = Release|Any CPU
		{1AD61FCD-9406-4302-AD55-6382A186074C}.My_Release|x64.ActiveCfg = Release|Any CPU
		{1AD61FCD-9406-4302-AD55-6382A186074C}.My_Release|x64.Build.0 = Release|Any CPU
		{1AD61FCD-9406-4302-AD55-6382A186074C}.My_Release|x86.ActiveCfg = Release|Any CPU
		{1AD61FCD-9406-4302-AD55-6382A186074C}.My_Release|x86.Build.0 = Release|Any CPU
		{1AD61FCD-9406-4302-AD55-6382A186074C}.MyRelease|Any CPU.ActiveCfg = Release|Any CPU
		{1AD61FCD-9406-4302-AD55-6382A186074C}.MyRelease|Any CPU.Build.0 = Release|Any CPU
		{1AD61FCD-9406-4302-AD55-6382A186074C}.MyRelease|ARM.ActiveCfg = Release|Any CPU
		{1AD61FCD-9406-4302-AD55-6382A186074C}.MyRelease|ARM.Build.0 = Release|Any CPU
		{1AD61FCD-9406-4302-AD55-6382A186074C}.MyRelease|iPhone.ActiveCfg = Release|Any CPU
		{1AD61FCD-9406-4302-AD55-6382A186074C}.MyRelease|iPhone.Build.0 = Release|Any CPU
		{1AD61FCD-9406-4302-AD55-6382A186074C}.MyRelease|iPhoneSimulator.ActiveCfg = Release|Any CPU
		{1AD61FCD-9406-4302-AD55-6382A186074C}.MyRelease|iPhoneSimulator.Build.0 = Release|Any CPU
		{1AD61FCD-9406-4302-AD55-6382A186074C}.MyRelease|x64.ActiveCfg = Release|Any CPU
		{1AD61FCD-9406-4302-AD55-6382A186074C}.MyRelease|x64.Build.0 = Release|Any CPU
		{1AD61FCD-9406-4302-AD55-6382A186074C}.MyRelease|x86.ActiveCfg = Release|Any CPU
		{1AD61FCD-9406-4302-AD55-6382A186074C}.MyRelease|x86.Build.0 = Release|Any CPU
		{1AD61FCD-9406-4302-AD55-6382A186074C}.Release|Any CPU.ActiveCfg = Release|Any CPU
		{1AD61FCD-9406-4302-AD55-6382A186074C}.Release|Any CPU.Build.0 = Release|Any CPU
		{1AD61FCD-9406-4302-AD55-6382A186074C}.Release|ARM.ActiveCfg = Release|Any CPU
		{1AD61FCD-9406-4302-AD55-6382A186074C}.Release|ARM.Build.0 = Release|Any CPU
		{1AD61FCD-9406-4302-AD55-6382A186074C}.Release|iPhone.ActiveCfg = Release|Any CPU
		{1AD61FCD-9406-4302-AD55-6382A186074C}.Release|iPhone.Build.0 = Release|Any CPU
		{1AD61FCD-9406-4302-AD55-6382A186074C}.Release|iPhoneSimulator.ActiveCfg = Release|Any CPU
		{1AD61FCD-9406-4302-AD55-6382A186074C}.Release|iPhoneSimulator.Build.0 = Release|Any CPU
		{1AD61FCD-9406-4302-AD55-6382A186074C}.Release|x64.ActiveCfg = Release|Any CPU
		{1AD61FCD-9406-4302-AD55-6382A186074C}.Release|x64.Build.0 = Release|Any CPU
		{1AD61FCD-9406-4302-AD55-6382A186074C}.Release|x86.ActiveCfg = Release|Any CPU
		{1AD61FCD-9406-4302-AD55-6382A186074C}.Release|x86.Build.0 = Release|Any CPU
		{00C63015-DF81-4CCC-8A9C-DA5F68FCD394}.Ad-Hoc|Any CPU.ActiveCfg = Release|Any CPU
		{00C63015-DF81-4CCC-8A9C-DA5F68FCD394}.Ad-Hoc|Any CPU.Build.0 = Release|Any CPU
		{00C63015-DF81-4CCC-8A9C-DA5F68FCD394}.Ad-Hoc|ARM.ActiveCfg = Release|Any CPU
		{00C63015-DF81-4CCC-8A9C-DA5F68FCD394}.Ad-Hoc|ARM.Build.0 = Release|Any CPU
		{00C63015-DF81-4CCC-8A9C-DA5F68FCD394}.Ad-Hoc|iPhone.ActiveCfg = Release|Any CPU
		{00C63015-DF81-4CCC-8A9C-DA5F68FCD394}.Ad-Hoc|iPhone.Build.0 = Release|Any CPU
		{00C63015-DF81-4CCC-8A9C-DA5F68FCD394}.Ad-Hoc|iPhoneSimulator.ActiveCfg = Release|Any CPU
		{00C63015-DF81-4CCC-8A9C-DA5F68FCD394}.Ad-Hoc|iPhoneSimulator.Build.0 = Release|Any CPU
		{00C63015-DF81-4CCC-8A9C-DA5F68FCD394}.Ad-Hoc|x64.ActiveCfg = Release|Any CPU
		{00C63015-DF81-4CCC-8A9C-DA5F68FCD394}.Ad-Hoc|x64.Build.0 = Release|Any CPU
		{00C63015-DF81-4CCC-8A9C-DA5F68FCD394}.Ad-Hoc|x86.ActiveCfg = Release|Any CPU
		{00C63015-DF81-4CCC-8A9C-DA5F68FCD394}.Ad-Hoc|x86.Build.0 = Release|Any CPU
		{00C63015-DF81-4CCC-8A9C-DA5F68FCD394}.AppStore|Any CPU.ActiveCfg = Release|Any CPU
		{00C63015-DF81-4CCC-8A9C-DA5F68FCD394}.AppStore|Any CPU.Build.0 = Release|Any CPU
		{00C63015-DF81-4CCC-8A9C-DA5F68FCD394}.AppStore|ARM.ActiveCfg = Release|Any CPU
		{00C63015-DF81-4CCC-8A9C-DA5F68FCD394}.AppStore|ARM.Build.0 = Release|Any CPU
		{00C63015-DF81-4CCC-8A9C-DA5F68FCD394}.AppStore|iPhone.ActiveCfg = Release|Any CPU
		{00C63015-DF81-4CCC-8A9C-DA5F68FCD394}.AppStore|iPhone.Build.0 = Release|Any CPU
		{00C63015-DF81-4CCC-8A9C-DA5F68FCD394}.AppStore|iPhoneSimulator.ActiveCfg = Release|Any CPU
		{00C63015-DF81-4CCC-8A9C-DA5F68FCD394}.AppStore|iPhoneSimulator.Build.0 = Release|Any CPU
		{00C63015-DF81-4CCC-8A9C-DA5F68FCD394}.AppStore|x64.ActiveCfg = Release|Any CPU
		{00C63015-DF81-4CCC-8A9C-DA5F68FCD394}.AppStore|x64.Build.0 = Release|Any CPU
		{00C63015-DF81-4CCC-8A9C-DA5F68FCD394}.AppStore|x86.ActiveCfg = Release|Any CPU
		{00C63015-DF81-4CCC-8A9C-DA5F68FCD394}.AppStore|x86.Build.0 = Release|Any CPU
		{00C63015-DF81-4CCC-8A9C-DA5F68FCD394}.Debug|Any CPU.ActiveCfg = Debug|Any CPU
		{00C63015-DF81-4CCC-8A9C-DA5F68FCD394}.Debug|Any CPU.Build.0 = Debug|Any CPU
		{00C63015-DF81-4CCC-8A9C-DA5F68FCD394}.Debug|ARM.ActiveCfg = Debug|Any CPU
		{00C63015-DF81-4CCC-8A9C-DA5F68FCD394}.Debug|ARM.Build.0 = Debug|Any CPU
		{00C63015-DF81-4CCC-8A9C-DA5F68FCD394}.Debug|iPhone.ActiveCfg = Debug|Any CPU
		{00C63015-DF81-4CCC-8A9C-DA5F68FCD394}.Debug|iPhone.Build.0 = Debug|Any CPU
		{00C63015-DF81-4CCC-8A9C-DA5F68FCD394}.Debug|iPhoneSimulator.ActiveCfg = Debug|Any CPU
		{00C63015-DF81-4CCC-8A9C-DA5F68FCD394}.Debug|iPhoneSimulator.Build.0 = Debug|Any CPU
		{00C63015-DF81-4CCC-8A9C-DA5F68FCD394}.Debug|x64.ActiveCfg = Debug|Any CPU
		{00C63015-DF81-4CCC-8A9C-DA5F68FCD394}.Debug|x64.Build.0 = Debug|Any CPU
		{00C63015-DF81-4CCC-8A9C-DA5F68FCD394}.Debug|x86.ActiveCfg = Debug|Any CPU
		{00C63015-DF81-4CCC-8A9C-DA5F68FCD394}.Debug|x86.Build.0 = Debug|Any CPU
		{00C63015-DF81-4CCC-8A9C-DA5F68FCD394}.My Release (main)|Any CPU.ActiveCfg = Release|Any CPU
		{00C63015-DF81-4CCC-8A9C-DA5F68FCD394}.My Release (main)|Any CPU.Build.0 = Release|Any CPU
		{00C63015-DF81-4CCC-8A9C-DA5F68FCD394}.My Release (main)|ARM.ActiveCfg = Release|Any CPU
		{00C63015-DF81-4CCC-8A9C-DA5F68FCD394}.My Release (main)|ARM.Build.0 = Release|Any CPU
		{00C63015-DF81-4CCC-8A9C-DA5F68FCD394}.My Release (main)|iPhone.ActiveCfg = Release|Any CPU
		{00C63015-DF81-4CCC-8A9C-DA5F68FCD394}.My Release (main)|iPhone.Build.0 = Release|Any CPU
		{00C63015-DF81-4CCC-8A9C-DA5F68FCD394}.My Release (main)|iPhoneSimulator.ActiveCfg = Release|Any CPU
		{00C63015-DF81-4CCC-8A9C-DA5F68FCD394}.My Release (main)|iPhoneSimulator.Build.0 = Release|Any CPU
		{00C63015-DF81-4CCC-8A9C-DA5F68FCD394}.My Release (main)|x64.ActiveCfg = Release|Any CPU
		{00C63015-DF81-4CCC-8A9C-DA5F68FCD394}.My Release (main)|x64.Build.0 = Release|Any CPU
		{00C63015-DF81-4CCC-8A9C-DA5F68FCD394}.My Release (main)|x86.ActiveCfg = Release|Any CPU
		{00C63015-DF81-4CCC-8A9C-DA5F68FCD394}.My Release (main)|x86.Build.0 = Release|Any CPU
		{00C63015-DF81-4CCC-8A9C-DA5F68FCD394}.My_Release|Any CPU.ActiveCfg = Release|Any CPU
		{00C63015-DF81-4CCC-8A9C-DA5F68FCD394}.My_Release|Any CPU.Build.0 = Release|Any CPU
		{00C63015-DF81-4CCC-8A9C-DA5F68FCD394}.My_Release|ARM.ActiveCfg = Release|Any CPU
		{00C63015-DF81-4CCC-8A9C-DA5F68FCD394}.My_Release|ARM.Build.0 = Release|Any CPU
		{00C63015-DF81-4CCC-8A9C-DA5F68FCD394}.My_Release|iPhone.ActiveCfg = Release|Any CPU
		{00C63015-DF81-4CCC-8A9C-DA5F68FCD394}.My_Release|iPhone.Build.0 = Release|Any CPU
		{00C63015-DF81-4CCC-8A9C-DA5F68FCD394}.My_Release|iPhoneSimulator.ActiveCfg = Release|Any CPU
		{00C63015-DF81-4CCC-8A9C-DA5F68FCD394}.My_Release|iPhoneSimulator.Build.0 = Release|Any CPU
		{00C63015-DF81-4CCC-8A9C-DA5F68FCD394}.My_Release|x64.ActiveCfg = Release|Any CPU
		{00C63015-DF81-4CCC-8A9C-DA5F68FCD394}.My_Release|x64.Build.0 = Release|Any CPU
		{00C63015-DF81-4CCC-8A9C-DA5F68FCD394}.My_Release|x86.ActiveCfg = Release|Any CPU
		{00C63015-DF81-4CCC-8A9C-DA5F68FCD394}.My_Release|x86.Build.0 = Release|Any CPU
		{00C63015-DF81-4CCC-8A9C-DA5F68FCD394}.MyRelease|Any CPU.ActiveCfg = Release|Any CPU
		{00C63015-DF81-4CCC-8A9C-DA5F68FCD394}.MyRelease|Any CPU.Build.0 = Release|Any CPU
		{00C63015-DF81-4CCC-8A9C-DA5F68FCD394}.MyRelease|ARM.ActiveCfg = Release|Any CPU
		{00C63015-DF81-4CCC-8A9C-DA5F68FCD394}.MyRelease|ARM.Build.0 = Release|Any CPU
		{00C63015-DF81-4CCC-8A9C-DA5F68FCD394}.MyRelease|iPhone.ActiveCfg = Release|Any CPU
		{00C63015-DF81-4CCC-8A9C-DA5F68FCD394}.MyRelease|iPhone.Build.0 = Release|Any CPU
		{00C63015-DF81-4CCC-8A9C-DA5F68FCD394}.MyRelease|iPhoneSimulator.ActiveCfg = Release|Any CPU
		{00C63015-DF81-4CCC-8A9C-DA5F68FCD394}.MyRelease|iPhoneSimulator.Build.0 = Release|Any CPU
		{00C63015-DF81-4CCC-8A9C-DA5F68FCD394}.MyRelease|x64.ActiveCfg = Release|Any CPU
		{00C63015-DF81-4CCC-8A9C-DA5F68FCD394}.MyRelease|x64.Build.0 = Release|Any CPU
		{00C63015-DF81-4CCC-8A9C-DA5F68FCD394}.MyRelease|x86.ActiveCfg = Release|Any CPU
		{00C63015-DF81-4CCC-8A9C-DA5F68FCD394}.MyRelease|x86.Build.0 = Release|Any CPU
		{00C63015-DF81-4CCC-8A9C-DA5F68FCD394}.Release|Any CPU.ActiveCfg = Release|Any CPU
		{00C63015-DF81-4CCC-8A9C-DA5F68FCD394}.Release|Any CPU.Build.0 = Release|Any CPU
		{00C63015-DF81-4CCC-8A9C-DA5F68FCD394}.Release|ARM.ActiveCfg = Release|Any CPU
		{00C63015-DF81-4CCC-8A9C-DA5F68FCD394}.Release|ARM.Build.0 = Release|Any CPU
		{00C63015-DF81-4CCC-8A9C-DA5F68FCD394}.Release|iPhone.ActiveCfg = Release|Any CPU
		{00C63015-DF81-4CCC-8A9C-DA5F68FCD394}.Release|iPhone.Build.0 = Release|Any CPU
		{00C63015-DF81-4CCC-8A9C-DA5F68FCD394}.Release|iPhoneSimulator.ActiveCfg = Release|Any CPU
		{00C63015-DF81-4CCC-8A9C-DA5F68FCD394}.Release|iPhoneSimulator.Build.0 = Release|Any CPU
		{00C63015-DF81-4CCC-8A9C-DA5F68FCD394}.Release|x64.ActiveCfg = Release|Any CPU
		{00C63015-DF81-4CCC-8A9C-DA5F68FCD394}.Release|x64.Build.0 = Release|Any CPU
		{00C63015-DF81-4CCC-8A9C-DA5F68FCD394}.Release|x86.ActiveCfg = Release|Any CPU
		{00C63015-DF81-4CCC-8A9C-DA5F68FCD394}.Release|x86.Build.0 = Release|Any CPU
		{892493ED-C84F-45E7-B6AA-1547D3F91FAE}.Ad-Hoc|Any CPU.ActiveCfg = Release|Any CPU
		{892493ED-C84F-45E7-B6AA-1547D3F91FAE}.Ad-Hoc|Any CPU.Build.0 = Release|Any CPU
		{892493ED-C84F-45E7-B6AA-1547D3F91FAE}.Ad-Hoc|ARM.ActiveCfg = Release|Any CPU
		{892493ED-C84F-45E7-B6AA-1547D3F91FAE}.Ad-Hoc|ARM.Build.0 = Release|Any CPU
		{892493ED-C84F-45E7-B6AA-1547D3F91FAE}.Ad-Hoc|iPhone.ActiveCfg = Release|Any CPU
		{892493ED-C84F-45E7-B6AA-1547D3F91FAE}.Ad-Hoc|iPhone.Build.0 = Release|Any CPU
		{892493ED-C84F-45E7-B6AA-1547D3F91FAE}.Ad-Hoc|iPhoneSimulator.ActiveCfg = Release|Any CPU
		{892493ED-C84F-45E7-B6AA-1547D3F91FAE}.Ad-Hoc|iPhoneSimulator.Build.0 = Release|Any CPU
		{892493ED-C84F-45E7-B6AA-1547D3F91FAE}.Ad-Hoc|x64.ActiveCfg = Release|Any CPU
		{892493ED-C84F-45E7-B6AA-1547D3F91FAE}.Ad-Hoc|x64.Build.0 = Release|Any CPU
		{892493ED-C84F-45E7-B6AA-1547D3F91FAE}.Ad-Hoc|x86.ActiveCfg = Release|Any CPU
		{892493ED-C84F-45E7-B6AA-1547D3F91FAE}.Ad-Hoc|x86.Build.0 = Release|Any CPU
		{892493ED-C84F-45E7-B6AA-1547D3F91FAE}.AppStore|Any CPU.ActiveCfg = Release|Any CPU
		{892493ED-C84F-45E7-B6AA-1547D3F91FAE}.AppStore|Any CPU.Build.0 = Release|Any CPU
		{892493ED-C84F-45E7-B6AA-1547D3F91FAE}.AppStore|ARM.ActiveCfg = Release|Any CPU
		{892493ED-C84F-45E7-B6AA-1547D3F91FAE}.AppStore|ARM.Build.0 = Release|Any CPU
		{892493ED-C84F-45E7-B6AA-1547D3F91FAE}.AppStore|iPhone.ActiveCfg = Release|Any CPU
		{892493ED-C84F-45E7-B6AA-1547D3F91FAE}.AppStore|iPhone.Build.0 = Release|Any CPU
		{892493ED-C84F-45E7-B6AA-1547D3F91FAE}.AppStore|iPhoneSimulator.ActiveCfg = Release|Any CPU
		{892493ED-C84F-45E7-B6AA-1547D3F91FAE}.AppStore|iPhoneSimulator.Build.0 = Release|Any CPU
		{892493ED-C84F-45E7-B6AA-1547D3F91FAE}.AppStore|x64.ActiveCfg = Release|Any CPU
		{892493ED-C84F-45E7-B6AA-1547D3F91FAE}.AppStore|x64.Build.0 = Release|Any CPU
		{892493ED-C84F-45E7-B6AA-1547D3F91FAE}.AppStore|x86.ActiveCfg = Release|Any CPU
		{892493ED-C84F-45E7-B6AA-1547D3F91FAE}.AppStore|x86.Build.0 = Release|Any CPU
		{892493ED-C84F-45E7-B6AA-1547D3F91FAE}.Debug|Any CPU.ActiveCfg = Debug|Any CPU
		{892493ED-C84F-45E7-B6AA-1547D3F91FAE}.Debug|Any CPU.Build.0 = Debug|Any CPU
		{892493ED-C84F-45E7-B6AA-1547D3F91FAE}.Debug|ARM.ActiveCfg = Debug|Any CPU
		{892493ED-C84F-45E7-B6AA-1547D3F91FAE}.Debug|ARM.Build.0 = Debug|Any CPU
		{892493ED-C84F-45E7-B6AA-1547D3F91FAE}.Debug|iPhone.ActiveCfg = Debug|Any CPU
		{892493ED-C84F-45E7-B6AA-1547D3F91FAE}.Debug|iPhone.Build.0 = Debug|Any CPU
		{892493ED-C84F-45E7-B6AA-1547D3F91FAE}.Debug|iPhoneSimulator.ActiveCfg = Debug|Any CPU
		{892493ED-C84F-45E7-B6AA-1547D3F91FAE}.Debug|iPhoneSimulator.Build.0 = Debug|Any CPU
		{892493ED-C84F-45E7-B6AA-1547D3F91FAE}.Debug|x64.ActiveCfg = Debug|Any CPU
		{892493ED-C84F-45E7-B6AA-1547D3F91FAE}.Debug|x64.Build.0 = Debug|Any CPU
		{892493ED-C84F-45E7-B6AA-1547D3F91FAE}.Debug|x86.ActiveCfg = Debug|Any CPU
		{892493ED-C84F-45E7-B6AA-1547D3F91FAE}.Debug|x86.Build.0 = Debug|Any CPU
		{892493ED-C84F-45E7-B6AA-1547D3F91FAE}.My Release (main)|Any CPU.ActiveCfg = Release|Any CPU
		{892493ED-C84F-45E7-B6AA-1547D3F91FAE}.My Release (main)|Any CPU.Build.0 = Release|Any CPU
		{892493ED-C84F-45E7-B6AA-1547D3F91FAE}.My Release (main)|ARM.ActiveCfg = Release|Any CPU
		{892493ED-C84F-45E7-B6AA-1547D3F91FAE}.My Release (main)|ARM.Build.0 = Release|Any CPU
		{892493ED-C84F-45E7-B6AA-1547D3F91FAE}.My Release (main)|iPhone.ActiveCfg = Release|Any CPU
		{892493ED-C84F-45E7-B6AA-1547D3F91FAE}.My Release (main)|iPhone.Build.0 = Release|Any CPU
		{892493ED-C84F-45E7-B6AA-1547D3F91FAE}.My Release (main)|iPhoneSimulator.ActiveCfg = Release|Any CPU
		{892493ED-C84F-45E7-B6AA-1547D3F91FAE}.My Release (main)|iPhoneSimulator.Build.0 = Release|Any CPU
		{892493ED-C84F-45E7-B6AA-1547D3F91FAE}.My Release (main)|x64.ActiveCfg = Release|Any CPU
		{892493ED-C84F-45E7-B6AA-1547D3F91FAE}.My Release (main)|x64.Build.0 = Release|Any CPU
		{892493ED-C84F-45E7-B6AA-1547D3F91FAE}.My Release (main)|x86.ActiveCfg = Release|Any CPU
		{892493ED-C84F-45E7-B6AA-1547D3F91FAE}.My Release (main)|x86.Build.0 = Release|Any CPU
		{892493ED-C84F-45E7-B6AA-1547D3F91FAE}.My_Release|Any CPU.ActiveCfg = Release|Any CPU
		{892493ED-C84F-45E7-B6AA-1547D3F91FAE}.My_Release|Any CPU.Build.0 = Release|Any CPU
		{892493ED-C84F-45E7-B6AA-1547D3F91FAE}.My_Release|ARM.ActiveCfg = Release|Any CPU
		{892493ED-C84F-45E7-B6AA-1547D3F91FAE}.My_Release|ARM.Build.0 = Release|Any CPU
		{892493ED-C84F-45E7-B6AA-1547D3F91FAE}.My_Release|iPhone.ActiveCfg = Release|Any CPU
		{892493ED-C84F-45E7-B6AA-1547D3F91FAE}.My_Release|iPhone.Build.0 = Release|Any CPU
		{892493ED-C84F-45E7-B6AA-1547D3F91FAE}.My_Release|iPhoneSimulator.ActiveCfg = Release|Any CPU
		{892493ED-C84F-45E7-B6AA-1547D3F91FAE}.My_Release|iPhoneSimulator.Build.0 = Release|Any CPU
		{892493ED-C84F-45E7-B6AA-1547D3F91FAE}.My_Release|x64.ActiveCfg = Release|Any CPU
		{892493ED-C84F-45E7-B6AA-1547D3F91FAE}.My_Release|x64.Build.0 = Release|Any CPU
		{892493ED-C84F-45E7-B6AA-1547D3F91FAE}.My_Release|x86.ActiveCfg = Release|Any CPU
		{892493ED-C84F-45E7-B6AA-1547D3F91FAE}.My_Release|x86.Build.0 = Release|Any CPU
		{892493ED-C84F-45E7-B6AA-1547D3F91FAE}.MyRelease|Any CPU.ActiveCfg = Release|Any CPU
		{892493ED-C84F-45E7-B6AA-1547D3F91FAE}.MyRelease|Any CPU.Build.0 = Release|Any CPU
		{892493ED-C84F-45E7-B6AA-1547D3F91FAE}.MyRelease|ARM.ActiveCfg = Release|Any CPU
		{892493ED-C84F-45E7-B6AA-1547D3F91FAE}.MyRelease|ARM.Build.0 = Release|Any CPU
		{892493ED-C84F-45E7-B6AA-1547D3F91FAE}.MyRelease|iPhone.ActiveCfg = Release|Any CPU
		{892493ED-C84F-45E7-B6AA-1547D3F91FAE}.MyRelease|iPhone.Build.0 = Release|Any CPU
		{892493ED-C84F-45E7-B6AA-1547D3F91FAE}.MyRelease|iPhoneSimulator.ActiveCfg = Release|Any CPU
		{892493ED-C84F-45E7-B6AA-1547D3F91FAE}.MyRelease|iPhoneSimulator.Build.0 = Release|Any CPU
		{892493ED-C84F-45E7-B6AA-1547D3F91FAE}.MyRelease|x64.ActiveCfg = Release|Any CPU
		{892493ED-C84F-45E7-B6AA-1547D3F91FAE}.MyRelease|x64.Build.0 = Release|Any CPU
		{892493ED-C84F-45E7-B6AA-1547D3F91FAE}.MyRelease|x86.ActiveCfg = Release|Any CPU
		{892493ED-C84F-45E7-B6AA-1547D3F91FAE}.MyRelease|x86.Build.0 = Release|Any CPU
		{892493ED-C84F-45E7-B6AA-1547D3F91FAE}.Release|Any CPU.ActiveCfg = Release|Any CPU
		{892493ED-C84F-45E7-B6AA-1547D3F91FAE}.Release|Any CPU.Build.0 = Release|Any CPU
		{892493ED-C84F-45E7-B6AA-1547D3F91FAE}.Release|ARM.ActiveCfg = Release|Any CPU
		{892493ED-C84F-45E7-B6AA-1547D3F91FAE}.Release|ARM.Build.0 = Release|Any CPU
		{892493ED-C84F-45E7-B6AA-1547D3F91FAE}.Release|iPhone.ActiveCfg = Release|Any CPU
		{892493ED-C84F-45E7-B6AA-1547D3F91FAE}.Release|iPhone.Build.0 = Release|Any CPU
		{892493ED-C84F-45E7-B6AA-1547D3F91FAE}.Release|iPhoneSimulator.ActiveCfg = Release|Any CPU
		{892493ED-C84F-45E7-B6AA-1547D3F91FAE}.Release|iPhoneSimulator.Build.0 = Release|Any CPU
		{892493ED-C84F-45E7-B6AA-1547D3F91FAE}.Release|x64.ActiveCfg = Release|Any CPU
		{892493ED-C84F-45E7-B6AA-1547D3F91FAE}.Release|x64.Build.0 = Release|Any CPU
		{892493ED-C84F-45E7-B6AA-1547D3F91FAE}.Release|x86.ActiveCfg = Release|Any CPU
		{892493ED-C84F-45E7-B6AA-1547D3F91FAE}.Release|x86.Build.0 = Release|Any CPU
		{E27F4053-FB7B-4500-A3C1-732CCD6CAC6F}.Ad-Hoc|Any CPU.ActiveCfg = Release|x64
		{E27F4053-FB7B-4500-A3C1-732CCD6CAC6F}.Ad-Hoc|Any CPU.Build.0 = Release|x64
		{E27F4053-FB7B-4500-A3C1-732CCD6CAC6F}.Ad-Hoc|Any CPU.Deploy.0 = Release|x64
		{E27F4053-FB7B-4500-A3C1-732CCD6CAC6F}.Ad-Hoc|ARM.ActiveCfg = Release|ARM
		{E27F4053-FB7B-4500-A3C1-732CCD6CAC6F}.Ad-Hoc|ARM.Build.0 = Release|ARM
		{E27F4053-FB7B-4500-A3C1-732CCD6CAC6F}.Ad-Hoc|ARM.Deploy.0 = Release|ARM
		{E27F4053-FB7B-4500-A3C1-732CCD6CAC6F}.Ad-Hoc|iPhone.ActiveCfg = Release|x64
		{E27F4053-FB7B-4500-A3C1-732CCD6CAC6F}.Ad-Hoc|iPhone.Build.0 = Release|x64
		{E27F4053-FB7B-4500-A3C1-732CCD6CAC6F}.Ad-Hoc|iPhone.Deploy.0 = Release|x64
		{E27F4053-FB7B-4500-A3C1-732CCD6CAC6F}.Ad-Hoc|iPhoneSimulator.ActiveCfg = Release|x64
		{E27F4053-FB7B-4500-A3C1-732CCD6CAC6F}.Ad-Hoc|iPhoneSimulator.Build.0 = Release|x64
		{E27F4053-FB7B-4500-A3C1-732CCD6CAC6F}.Ad-Hoc|iPhoneSimulator.Deploy.0 = Release|x64
		{E27F4053-FB7B-4500-A3C1-732CCD6CAC6F}.Ad-Hoc|x64.ActiveCfg = Release|x64
		{E27F4053-FB7B-4500-A3C1-732CCD6CAC6F}.Ad-Hoc|x64.Build.0 = Release|x64
		{E27F4053-FB7B-4500-A3C1-732CCD6CAC6F}.Ad-Hoc|x64.Deploy.0 = Release|x64
		{E27F4053-FB7B-4500-A3C1-732CCD6CAC6F}.Ad-Hoc|x86.ActiveCfg = Release|x86
		{E27F4053-FB7B-4500-A3C1-732CCD6CAC6F}.Ad-Hoc|x86.Build.0 = Release|x86
		{E27F4053-FB7B-4500-A3C1-732CCD6CAC6F}.Ad-Hoc|x86.Deploy.0 = Release|x86
		{E27F4053-FB7B-4500-A3C1-732CCD6CAC6F}.AppStore|Any CPU.ActiveCfg = Release|x64
		{E27F4053-FB7B-4500-A3C1-732CCD6CAC6F}.AppStore|Any CPU.Build.0 = Release|x64
		{E27F4053-FB7B-4500-A3C1-732CCD6CAC6F}.AppStore|Any CPU.Deploy.0 = Release|x64
		{E27F4053-FB7B-4500-A3C1-732CCD6CAC6F}.AppStore|ARM.ActiveCfg = Release|ARM
		{E27F4053-FB7B-4500-A3C1-732CCD6CAC6F}.AppStore|ARM.Build.0 = Release|ARM
		{E27F4053-FB7B-4500-A3C1-732CCD6CAC6F}.AppStore|ARM.Deploy.0 = Release|ARM
		{E27F4053-FB7B-4500-A3C1-732CCD6CAC6F}.AppStore|iPhone.ActiveCfg = Release|x64
		{E27F4053-FB7B-4500-A3C1-732CCD6CAC6F}.AppStore|iPhone.Build.0 = Release|x64
		{E27F4053-FB7B-4500-A3C1-732CCD6CAC6F}.AppStore|iPhone.Deploy.0 = Release|x64
		{E27F4053-FB7B-4500-A3C1-732CCD6CAC6F}.AppStore|iPhoneSimulator.ActiveCfg = Release|x64
		{E27F4053-FB7B-4500-A3C1-732CCD6CAC6F}.AppStore|iPhoneSimulator.Build.0 = Release|x64
		{E27F4053-FB7B-4500-A3C1-732CCD6CAC6F}.AppStore|iPhoneSimulator.Deploy.0 = Release|x64
		{E27F4053-FB7B-4500-A3C1-732CCD6CAC6F}.AppStore|x64.ActiveCfg = Release|x64
		{E27F4053-FB7B-4500-A3C1-732CCD6CAC6F}.AppStore|x64.Build.0 = Release|x64
		{E27F4053-FB7B-4500-A3C1-732CCD6CAC6F}.AppStore|x64.Deploy.0 = Release|x64
		{E27F4053-FB7B-4500-A3C1-732CCD6CAC6F}.AppStore|x86.ActiveCfg = Release|x86
		{E27F4053-FB7B-4500-A3C1-732CCD6CAC6F}.AppStore|x86.Build.0 = Release|x86
		{E27F4053-FB7B-4500-A3C1-732CCD6CAC6F}.AppStore|x86.Deploy.0 = Release|x86
		{E27F4053-FB7B-4500-A3C1-732CCD6CAC6F}.Debug|Any CPU.ActiveCfg = Debug|x86
		{E27F4053-FB7B-4500-A3C1-732CCD6CAC6F}.Debug|ARM.ActiveCfg = Debug|ARM
		{E27F4053-FB7B-4500-A3C1-732CCD6CAC6F}.Debug|ARM.Build.0 = Debug|ARM
		{E27F4053-FB7B-4500-A3C1-732CCD6CAC6F}.Debug|ARM.Deploy.0 = Debug|ARM
		{E27F4053-FB7B-4500-A3C1-732CCD6CAC6F}.Debug|iPhone.ActiveCfg = Debug|x86
		{E27F4053-FB7B-4500-A3C1-732CCD6CAC6F}.Debug|iPhoneSimulator.ActiveCfg = Debug|x86
		{E27F4053-FB7B-4500-A3C1-732CCD6CAC6F}.Debug|x64.ActiveCfg = Debug|x64
		{E27F4053-FB7B-4500-A3C1-732CCD6CAC6F}.Debug|x64.Build.0 = Debug|x64
		{E27F4053-FB7B-4500-A3C1-732CCD6CAC6F}.Debug|x64.Deploy.0 = Debug|x64
		{E27F4053-FB7B-4500-A3C1-732CCD6CAC6F}.Debug|x86.ActiveCfg = Debug|x86
		{E27F4053-FB7B-4500-A3C1-732CCD6CAC6F}.Debug|x86.Build.0 = Debug|x86
		{E27F4053-FB7B-4500-A3C1-732CCD6CAC6F}.Debug|x86.Deploy.0 = Debug|x86
		{E27F4053-FB7B-4500-A3C1-732CCD6CAC6F}.My Release (main)|Any CPU.ActiveCfg = Release|x64
		{E27F4053-FB7B-4500-A3C1-732CCD6CAC6F}.My Release (main)|Any CPU.Build.0 = Release|x64
		{E27F4053-FB7B-4500-A3C1-732CCD6CAC6F}.My Release (main)|Any CPU.Deploy.0 = Release|x64
		{E27F4053-FB7B-4500-A3C1-732CCD6CAC6F}.My Release (main)|ARM.ActiveCfg = Release|ARM
		{E27F4053-FB7B-4500-A3C1-732CCD6CAC6F}.My Release (main)|ARM.Build.0 = Release|ARM
		{E27F4053-FB7B-4500-A3C1-732CCD6CAC6F}.My Release (main)|ARM.Deploy.0 = Release|ARM
		{E27F4053-FB7B-4500-A3C1-732CCD6CAC6F}.My Release (main)|iPhone.ActiveCfg = Release|x64
		{E27F4053-FB7B-4500-A3C1-732CCD6CAC6F}.My Release (main)|iPhone.Build.0 = Release|x64
		{E27F4053-FB7B-4500-A3C1-732CCD6CAC6F}.My Release (main)|iPhone.Deploy.0 = Release|x64
		{E27F4053-FB7B-4500-A3C1-732CCD6CAC6F}.My Release (main)|iPhoneSimulator.ActiveCfg = Release|x64
		{E27F4053-FB7B-4500-A3C1-732CCD6CAC6F}.My Release (main)|iPhoneSimulator.Build.0 = Release|x64
		{E27F4053-FB7B-4500-A3C1-732CCD6CAC6F}.My Release (main)|iPhoneSimulator.Deploy.0 = Release|x64
		{E27F4053-FB7B-4500-A3C1-732CCD6CAC6F}.My Release (main)|x64.ActiveCfg = Release|x64
		{E27F4053-FB7B-4500-A3C1-732CCD6CAC6F}.My Release (main)|x64.Build.0 = Release|x64
		{E27F4053-FB7B-4500-A3C1-732CCD6CAC6F}.My Release (main)|x64.Deploy.0 = Release|x64
		{E27F4053-FB7B-4500-A3C1-732CCD6CAC6F}.My Release (main)|x86.ActiveCfg = Release|x86
		{E27F4053-FB7B-4500-A3C1-732CCD6CAC6F}.My Release (main)|x86.Build.0 = Release|x86
		{E27F4053-FB7B-4500-A3C1-732CCD6CAC6F}.My Release (main)|x86.Deploy.0 = Release|x86
		{E27F4053-FB7B-4500-A3C1-732CCD6CAC6F}.My_Release|Any CPU.ActiveCfg = Release|x64
		{E27F4053-FB7B-4500-A3C1-732CCD6CAC6F}.My_Release|Any CPU.Build.0 = Release|x64
		{E27F4053-FB7B-4500-A3C1-732CCD6CAC6F}.My_Release|Any CPU.Deploy.0 = Release|x64
		{E27F4053-FB7B-4500-A3C1-732CCD6CAC6F}.My_Release|ARM.ActiveCfg = Release|ARM
		{E27F4053-FB7B-4500-A3C1-732CCD6CAC6F}.My_Release|ARM.Build.0 = Release|ARM
		{E27F4053-FB7B-4500-A3C1-732CCD6CAC6F}.My_Release|ARM.Deploy.0 = Release|ARM
		{E27F4053-FB7B-4500-A3C1-732CCD6CAC6F}.My_Release|iPhone.ActiveCfg = Release|x64
		{E27F4053-FB7B-4500-A3C1-732CCD6CAC6F}.My_Release|iPhone.Build.0 = Release|x64
		{E27F4053-FB7B-4500-A3C1-732CCD6CAC6F}.My_Release|iPhone.Deploy.0 = Release|x64
		{E27F4053-FB7B-4500-A3C1-732CCD6CAC6F}.My_Release|iPhoneSimulator.ActiveCfg = Release|x64
		{E27F4053-FB7B-4500-A3C1-732CCD6CAC6F}.My_Release|iPhoneSimulator.Build.0 = Release|x64
		{E27F4053-FB7B-4500-A3C1-732CCD6CAC6F}.My_Release|iPhoneSimulator.Deploy.0 = Release|x64
		{E27F4053-FB7B-4500-A3C1-732CCD6CAC6F}.My_Release|x64.ActiveCfg = Release|x64
		{E27F4053-FB7B-4500-A3C1-732CCD6CAC6F}.My_Release|x64.Build.0 = Release|x64
		{E27F4053-FB7B-4500-A3C1-732CCD6CAC6F}.My_Release|x64.Deploy.0 = Release|x64
		{E27F4053-FB7B-4500-A3C1-732CCD6CAC6F}.My_Release|x86.ActiveCfg = Release|x86
		{E27F4053-FB7B-4500-A3C1-732CCD6CAC6F}.My_Release|x86.Build.0 = Release|x86
		{E27F4053-FB7B-4500-A3C1-732CCD6CAC6F}.My_Release|x86.Deploy.0 = Release|x86
		{E27F4053-FB7B-4500-A3C1-732CCD6CAC6F}.MyRelease|Any CPU.ActiveCfg = Release|x64
		{E27F4053-FB7B-4500-A3C1-732CCD6CAC6F}.MyRelease|Any CPU.Build.0 = Release|x64
		{E27F4053-FB7B-4500-A3C1-732CCD6CAC6F}.MyRelease|Any CPU.Deploy.0 = Release|x64
		{E27F4053-FB7B-4500-A3C1-732CCD6CAC6F}.MyRelease|ARM.ActiveCfg = Release|ARM
		{E27F4053-FB7B-4500-A3C1-732CCD6CAC6F}.MyRelease|ARM.Build.0 = Release|ARM
		{E27F4053-FB7B-4500-A3C1-732CCD6CAC6F}.MyRelease|ARM.Deploy.0 = Release|ARM
		{E27F4053-FB7B-4500-A3C1-732CCD6CAC6F}.MyRelease|iPhone.ActiveCfg = Release|x64
		{E27F4053-FB7B-4500-A3C1-732CCD6CAC6F}.MyRelease|iPhone.Build.0 = Release|x64
		{E27F4053-FB7B-4500-A3C1-732CCD6CAC6F}.MyRelease|iPhone.Deploy.0 = Release|x64
		{E27F4053-FB7B-4500-A3C1-732CCD6CAC6F}.MyRelease|iPhoneSimulator.ActiveCfg = Release|x64
		{E27F4053-FB7B-4500-A3C1-732CCD6CAC6F}.MyRelease|iPhoneSimulator.Build.0 = Release|x64
		{E27F4053-FB7B-4500-A3C1-732CCD6CAC6F}.MyRelease|iPhoneSimulator.Deploy.0 = Release|x64
		{E27F4053-FB7B-4500-A3C1-732CCD6CAC6F}.MyRelease|x64.ActiveCfg = Release|x64
		{E27F4053-FB7B-4500-A3C1-732CCD6CAC6F}.MyRelease|x64.Build.0 = Release|x64
		{E27F4053-FB7B-4500-A3C1-732CCD6CAC6F}.MyRelease|x64.Deploy.0 = Release|x64
		{E27F4053-FB7B-4500-A3C1-732CCD6CAC6F}.MyRelease|x86.ActiveCfg = Release|x86
		{E27F4053-FB7B-4500-A3C1-732CCD6CAC6F}.MyRelease|x86.Build.0 = Release|x86
		{E27F4053-FB7B-4500-A3C1-732CCD6CAC6F}.MyRelease|x86.Deploy.0 = Release|x86
		{E27F4053-FB7B-4500-A3C1-732CCD6CAC6F}.Release|Any CPU.ActiveCfg = Release|x86
		{E27F4053-FB7B-4500-A3C1-732CCD6CAC6F}.Release|ARM.ActiveCfg = Release|ARM
		{E27F4053-FB7B-4500-A3C1-732CCD6CAC6F}.Release|ARM.Build.0 = Release|ARM
		{E27F4053-FB7B-4500-A3C1-732CCD6CAC6F}.Release|ARM.Deploy.0 = Release|ARM
		{E27F4053-FB7B-4500-A3C1-732CCD6CAC6F}.Release|iPhone.ActiveCfg = Release|x86
		{E27F4053-FB7B-4500-A3C1-732CCD6CAC6F}.Release|iPhoneSimulator.ActiveCfg = Release|x86
		{E27F4053-FB7B-4500-A3C1-732CCD6CAC6F}.Release|x64.ActiveCfg = Release|x64
		{E27F4053-FB7B-4500-A3C1-732CCD6CAC6F}.Release|x64.Build.0 = Release|x64
		{E27F4053-FB7B-4500-A3C1-732CCD6CAC6F}.Release|x64.Deploy.0 = Release|x64
		{E27F4053-FB7B-4500-A3C1-732CCD6CAC6F}.Release|x86.ActiveCfg = Release|x86
		{E27F4053-FB7B-4500-A3C1-732CCD6CAC6F}.Release|x86.Build.0 = Release|x86
		{E27F4053-FB7B-4500-A3C1-732CCD6CAC6F}.Release|x86.Deploy.0 = Release|x86
	EndGlobalSection
	GlobalSection(SolutionProperties) = preSolution
		HideSolutionNode = FALSE
	EndGlobalSection
	GlobalSection(NestedProjects) = preSolution
		{B53FD99A-2EDF-4132-A76C-7141755F4E64} = {FA9A2D9E-A3C1-4BC3-8A6F-EF3C2B47B4A5}
		{67F9D3A8-F71E-4428-913F-C37AE82CDB24} = {FA9A2D9E-A3C1-4BC3-8A6F-EF3C2B47B4A5}
		{1AD61FCD-9406-4302-AD55-6382A186074C} = {FA9A2D9E-A3C1-4BC3-8A6F-EF3C2B47B4A5}
		{00C63015-DF81-4CCC-8A9C-DA5F68FCD394} = {FA9A2D9E-A3C1-4BC3-8A6F-EF3C2B47B4A5}
		{892493ED-C84F-45E7-B6AA-1547D3F91FAE} = {FA9A2D9E-A3C1-4BC3-8A6F-EF3C2B47B4A5}
	EndGlobalSection
	GlobalSection(MonoDevelopProperties) = preSolution
		version = 1.0.7
	EndGlobalSection
EndGlobal
